// !$*UTF8*$!
{
	archiveVersion = 1;
	classes = {
	};
	objectVersion = 46;
	objects = {

/* Begin PBXBuildFile section */
		241583BE14D0B27E0014F37B /* Foundation.framework in Frameworks */ = {isa = PBXBuildFile; fileRef = 24BDCC2314CC6300006F36A1 /* Foundation.framework */; };
		241583C814D0B2DA0014F37B /* EAGLView.mm in Sources */ = {isa = PBXBuildFile; fileRef = 24BDCC6714CCC006006F36A1 /* EAGLView.mm */; };
		241583C914D0B2DA0014F37B /* graphics_engine.cpp in Sources */ = {isa = PBXBuildFile; fileRef = 24BDCC7214CCC87D006F36A1 /* graphics_engine.cpp */; };
		241583CA14D0B2DA0014F37B /* texture.cpp in Sources */ = {isa = PBXBuildFile; fileRef = 2415838914CE09460014F37B /* texture.cpp */; };
		241583CB14D0B2DA0014F37B /* log.cpp in Sources */ = {isa = PBXBuildFile; fileRef = 24BDCC5614CC7A5E006F36A1 /* log.cpp */; };
		241583CC14D0B2DA0014F37B /* math_util.cpp in Sources */ = {isa = PBXBuildFile; fileRef = 2415838114CDD9DA0014F37B /* math_util.cpp */; };
		241583CD14D0B2DA0014F37B /* clock.cpp in Sources */ = {isa = PBXBuildFile; fileRef = 24BDCC5F14CC8623006F36A1 /* clock.cpp */; };
		241583CE14D0B2DA0014F37B /* timer.cpp in Sources */ = {isa = PBXBuildFile; fileRef = 24BDCC5A14CC7C92006F36A1 /* timer.cpp */; };
		241583CF14D0B2DA0014F37B /* kernel.cpp in Sources */ = {isa = PBXBuildFile; fileRef = 24BDCC4514CC63FD006F36A1 /* kernel.cpp */; };
		241583D014D0B2DA0014F37B /* platform.cpp in Sources */ = {isa = PBXBuildFile; fileRef = 24BDCC6114CC86BD006F36A1 /* platform.cpp */; };
		241583DB14D0B3940014F37B /* liblibx2d.a in Frameworks */ = {isa = PBXBuildFile; fileRef = 241583BD14D0B27E0014F37B /* liblibx2d.a */; };
		241583DC14D0B3940014F37B /* OpenGLES.framework in Frameworks */ = {isa = PBXBuildFile; fileRef = 24BDCC6914CCC122006F36A1 /* OpenGLES.framework */; };
		241583DD14D0B3940014F37B /* QuartzCore.framework in Frameworks */ = {isa = PBXBuildFile; fileRef = 24BDCC4E14CC6DF2006F36A1 /* QuartzCore.framework */; };
		241583DE14D0B3940014F37B /* CoreGraphics.framework in Frameworks */ = {isa = PBXBuildFile; fileRef = 24BDCC2514CC6300006F36A1 /* CoreGraphics.framework */; };
		241583DF14D0B3940014F37B /* boost.framework in Frameworks */ = {isa = PBXBuildFile; fileRef = 24BDCC4114CC6320006F36A1 /* boost.framework */; };
		241583E014D0B3940014F37B /* UIKit.framework in Frameworks */ = {isa = PBXBuildFile; fileRef = 24BDCC2114CC6300006F36A1 /* UIKit.framework */; };
		241583E114D0B3940014F37B /* Foundation.framework in Frameworks */ = {isa = PBXBuildFile; fileRef = 24BDCC2314CC6300006F36A1 /* Foundation.framework */; };
		241583F614D0B5620014F37B /* AppDelegate.mm in Sources */ = {isa = PBXBuildFile; fileRef = 241583EB14D0B4D30014F37B /* AppDelegate.mm */; };
		241583F714D0B5620014F37B /* main.mm in Sources */ = {isa = PBXBuildFile; fileRef = 241583F014D0B4E20014F37B /* main.mm */; };
		241583F814D0B5770014F37B /* InfoPlist.strings in Resources */ = {isa = PBXBuildFile; fileRef = 241583EE14D0B4E20014F37B /* InfoPlist.strings */; };
/* End PBXBuildFile section */

/* Begin PBXContainerItemProxy section */
		241583D614D0B3940014F37B /* PBXContainerItemProxy */ = {
			isa = PBXContainerItemProxy;
			containerPortal = 24BDCC1414CC6300006F36A1 /* Project object */;
			proxyType = 1;
			remoteGlobalIDString = 241583BC14D0B27E0014F37B;
			remoteInfo = libx2d;
		};
/* End PBXContainerItemProxy section */

/* Begin PBXFileReference section */
		2415837F14CDD9380014F37B /* camera.h */ = {isa = PBXFileReference; fileEncoding = 4; lastKnownFileType = sourcecode.c.h; name = camera.h; path = src/base/camera.h; sourceTree = "<group>"; };
		2415838114CDD9DA0014F37B /* math_util.cpp */ = {isa = PBXFileReference; fileEncoding = 4; lastKnownFileType = sourcecode.cpp.cpp; name = math_util.cpp; path = src/util/math_util.cpp; sourceTree = "<group>"; };
		2415838814CE04990014F37B /* texture.h */ = {isa = PBXFileReference; fileEncoding = 4; lastKnownFileType = sourcecode.c.h; name = texture.h; path = src/base/texture.h; sourceTree = "<group>"; };
		2415838914CE09460014F37B /* texture.cpp */ = {isa = PBXFileReference; fileEncoding = 4; lastKnownFileType = sourcecode.cpp.cpp; name = texture.cpp; path = src/base/texture.cpp; sourceTree = "<group>"; };
		241583BD14D0B27E0014F37B /* liblibx2d.a */ = {isa = PBXFileReference; explicitFileType = archive.ar; includeInIndex = 0; path = liblibx2d.a; sourceTree = BUILT_PRODUCTS_DIR; };
		241583E714D0B3940014F37B /* x2d_object.app */ = {isa = PBXFileReference; explicitFileType = wrapper.application; includeInIndex = 0; path = x2d_object.app; sourceTree = BUILT_PRODUCTS_DIR; };
		241583EA14D0B4D30014F37B /* AppDelegate.h */ = {isa = PBXFileReference; fileEncoding = 4; lastKnownFileType = sourcecode.c.h; name = AppDelegate.h; path = 01_object/AppDelegate.h; sourceTree = SOURCE_ROOT; };
		241583EB14D0B4D30014F37B /* AppDelegate.mm */ = {isa = PBXFileReference; fileEncoding = 4; lastKnownFileType = sourcecode.cpp.objcpp; name = AppDelegate.mm; path = 01_object/AppDelegate.mm; sourceTree = SOURCE_ROOT; };
		241583EF14D0B4E20014F37B /* en */ = {isa = PBXFileReference; lastKnownFileType = text.plist.strings; name = en; path = InfoPlist.strings; sourceTree = "<group>"; };
		241583F014D0B4E20014F37B /* main.mm */ = {isa = PBXFileReference; fileEncoding = 4; lastKnownFileType = sourcecode.cpp.objcpp; name = main.mm; path = 01_object/main.mm; sourceTree = SOURCE_ROOT; };
		241583F114D0B4E20014F37B /* object-Prefix.pch */ = {isa = PBXFileReference; fileEncoding = 4; lastKnownFileType = sourcecode.c.h; name = "object-Prefix.pch"; path = "01_object/object-Prefix.pch"; sourceTree = SOURCE_ROOT; };
		241583F214D0B4E20014F37B /* object.plist */ = {isa = PBXFileReference; fileEncoding = 4; lastKnownFileType = text.plist.xml; name = object.plist; path = 01_object/object.plist; sourceTree = SOURCE_ROOT; };
		24BDCC2114CC6300006F36A1 /* UIKit.framework */ = {isa = PBXFileReference; lastKnownFileType = wrapper.framework; name = UIKit.framework; path = System/Library/Frameworks/UIKit.framework; sourceTree = SDKROOT; };
		24BDCC2314CC6300006F36A1 /* Foundation.framework */ = {isa = PBXFileReference; lastKnownFileType = wrapper.framework; name = Foundation.framework; path = System/Library/Frameworks/Foundation.framework; sourceTree = SDKROOT; };
		24BDCC2514CC6300006F36A1 /* CoreGraphics.framework */ = {isa = PBXFileReference; lastKnownFileType = wrapper.framework; name = CoreGraphics.framework; path = System/Library/Frameworks/CoreGraphics.framework; sourceTree = SDKROOT; };
		24BDCC4114CC6320006F36A1 /* boost.framework */ = {isa = PBXFileReference; lastKnownFileType = wrapper.framework; name = boost.framework; path = System/Library/Frameworks/boost.framework; sourceTree = SDKROOT; };
		24BDCC4514CC63FD006F36A1 /* kernel.cpp */ = {isa = PBXFileReference; fileEncoding = 4; lastKnownFileType = sourcecode.cpp.cpp; name = kernel.cpp; path = src/kernel/kernel.cpp; sourceTree = "<group>"; };
		24BDCC4714CC648D006F36A1 /* kernel.h */ = {isa = PBXFileReference; fileEncoding = 4; lastKnownFileType = sourcecode.c.h; name = kernel.h; path = src/kernel/kernel.h; sourceTree = "<group>"; };
		24BDCC4E14CC6DF2006F36A1 /* QuartzCore.framework */ = {isa = PBXFileReference; lastKnownFileType = wrapper.framework; name = QuartzCore.framework; path = System/Library/Frameworks/QuartzCore.framework; sourceTree = SDKROOT; };
		24BDCC5614CC7A5E006F36A1 /* log.cpp */ = {isa = PBXFileReference; fileEncoding = 4; lastKnownFileType = sourcecode.cpp.cpp; name = log.cpp; path = src/util/log.cpp; sourceTree = "<group>"; };
		24BDCC5714CC7A5E006F36A1 /* log.h */ = {isa = PBXFileReference; fileEncoding = 4; lastKnownFileType = sourcecode.c.h; name = log.h; path = src/util/log.h; sourceTree = "<group>"; };
		24BDCC5914CC7C92006F36A1 /* clock.h */ = {isa = PBXFileReference; fileEncoding = 4; lastKnownFileType = sourcecode.c.h; name = clock.h; path = src/kernel/clock.h; sourceTree = "<group>"; };
		24BDCC5A14CC7C92006F36A1 /* timer.cpp */ = {isa = PBXFileReference; fileEncoding = 4; lastKnownFileType = sourcecode.cpp.cpp; name = timer.cpp; path = src/kernel/timer.cpp; sourceTree = "<group>"; };
		24BDCC5B14CC7C92006F36A1 /* timer.h */ = {isa = PBXFileReference; fileEncoding = 4; lastKnownFileType = sourcecode.c.h; name = timer.h; path = src/kernel/timer.h; sourceTree = "<group>"; };
		24BDCC5E14CC7E56006F36A1 /* base_object.h */ = {isa = PBXFileReference; fileEncoding = 4; lastKnownFileType = sourcecode.c.h; name = base_object.h; path = src/base/base_object.h; sourceTree = "<group>"; };
		24BDCC5F14CC8623006F36A1 /* clock.cpp */ = {isa = PBXFileReference; fileEncoding = 4; lastKnownFileType = sourcecode.cpp.cpp; name = clock.cpp; path = src/kernel/clock.cpp; sourceTree = "<group>"; };
		24BDCC6114CC86BD006F36A1 /* platform.cpp */ = {isa = PBXFileReference; fileEncoding = 4; lastKnownFileType = sourcecode.cpp.cpp; name = platform.cpp; path = src/platform.cpp; sourceTree = "<group>"; };
		24BDCC6314CC8737006F36A1 /* platform.h */ = {isa = PBXFileReference; fileEncoding = 4; lastKnownFileType = sourcecode.c.h; name = platform.h; path = src/platform.h; sourceTree = "<group>"; };
		24BDCC6414CC966A006F36A1 /* compare.h */ = {isa = PBXFileReference; fileEncoding = 4; lastKnownFileType = sourcecode.c.h; name = compare.h; path = src/util/compare.h; sourceTree = "<group>"; };
		24BDCC6614CCC006006F36A1 /* EAGLView.h */ = {isa = PBXFileReference; fileEncoding = 4; lastKnownFileType = sourcecode.c.h; name = EAGLView.h; path = src/gl/EAGLView.h; sourceTree = "<group>"; };
		24BDCC6714CCC006006F36A1 /* EAGLView.mm */ = {isa = PBXFileReference; fileEncoding = 4; lastKnownFileType = sourcecode.cpp.objcpp; name = EAGLView.mm; path = src/gl/EAGLView.mm; sourceTree = "<group>"; };
		24BDCC6914CCC122006F36A1 /* OpenGLES.framework */ = {isa = PBXFileReference; lastKnownFileType = wrapper.framework; name = OpenGLES.framework; path = System/Library/Frameworks/OpenGLES.framework; sourceTree = SDKROOT; };
		24BDCC6B14CCC797006F36A1 /* graphics_engine.h */ = {isa = PBXFileReference; fileEncoding = 4; lastKnownFileType = sourcecode.c.h; name = graphics_engine.h; path = src/gl/graphics_engine.h; sourceTree = "<group>"; };
		24BDCC7214CCC87D006F36A1 /* graphics_engine.cpp */ = {isa = PBXFileReference; fileEncoding = 4; lastKnownFileType = sourcecode.cpp.cpp; name = graphics_engine.cpp; path = src/gl/graphics_engine.cpp; sourceTree = "<group>"; };
		24BDCC7414CCCE0A006F36A1 /* objc_callback.h */ = {isa = PBXFileReference; fileEncoding = 4; lastKnownFileType = sourcecode.c.h; name = objc_callback.h; path = src/util/objc_callback.h; sourceTree = "<group>"; };
		24BDCC9D14CCF90C006F36A1 /* OpenGL.framework */ = {isa = PBXFileReference; lastKnownFileType = wrapper.framework; name = OpenGL.framework; path = SDKs/MacOSX10.7.sdk/System/Library/Frameworks/OpenGL.framework; sourceTree = DEVELOPER_DIR; };
		24BDCC9F14CCF918006F36A1 /* QuartzCore.framework */ = {isa = PBXFileReference; lastKnownFileType = wrapper.framework; name = QuartzCore.framework; path = SDKs/MacOSX10.7.sdk/System/Library/Frameworks/QuartzCore.framework; sourceTree = DEVELOPER_DIR; };
		24BDCCA214CD0011006F36A1 /* libboost_signals.dylib */ = {isa = PBXFileReference; lastKnownFileType = "compiled.mach-o.dylib"; name = libboost_signals.dylib; path = SDKs/MacOSX10.7.sdk/usr/local/lib/libboost_signals.dylib; sourceTree = DEVELOPER_DIR; };
		24BDCCA414CDB365006F36A1 /* interpolator.h */ = {isa = PBXFileReference; fileEncoding = 4; lastKnownFileType = sourcecode.c.h; name = interpolator.h; path = src/util/interpolator.h; sourceTree = "<group>"; };
		24BDCCA514CDB68F006F36A1 /* math_util.h */ = {isa = PBXFileReference; fileEncoding = 4; lastKnownFileType = sourcecode.c.h; name = math_util.h; path = src/util/math_util.h; sourceTree = "<group>"; };
/* End PBXFileReference section */

/* Begin PBXFrameworksBuildPhase section */
		241583BA14D0B27E0014F37B /* Frameworks */ = {
			isa = PBXFrameworksBuildPhase;
			buildActionMask = 2147483647;
			files = (
				241583BE14D0B27E0014F37B /* Foundation.framework in Frameworks */,
			);
			runOnlyForDeploymentPostprocessing = 0;
		};
		241583DA14D0B3940014F37B /* Frameworks */ = {
			isa = PBXFrameworksBuildPhase;
			buildActionMask = 2147483647;
			files = (
				241583DB14D0B3940014F37B /* liblibx2d.a in Frameworks */,
				241583DC14D0B3940014F37B /* OpenGLES.framework in Frameworks */,
				241583DD14D0B3940014F37B /* QuartzCore.framework in Frameworks */,
				241583DE14D0B3940014F37B /* CoreGraphics.framework in Frameworks */,
				241583DF14D0B3940014F37B /* boost.framework in Frameworks */,
				241583E014D0B3940014F37B /* UIKit.framework in Frameworks */,
				241583E114D0B3940014F37B /* Foundation.framework in Frameworks */,
			);
			runOnlyForDeploymentPostprocessing = 0;
		};
/* End PBXFrameworksBuildPhase section */

/* Begin PBXGroup section */
		24BDCC1214CC6300006F36A1 = {
			isa = PBXGroup;
			children = (
				24BDCCA114CCF942006F36A1 /* 01_object */,
				24BDCC2714CC6300006F36A1 /* x2d */,
				24BDCC2014CC6300006F36A1 /* Frameworks */,
				24BDCC1E14CC6300006F36A1 /* Products */,
			);
			sourceTree = "<group>";
		};
		24BDCC1E14CC6300006F36A1 /* Products */ = {
			isa = PBXGroup;
			children = (
				241583BD14D0B27E0014F37B /* liblibx2d.a */,
				241583E714D0B3940014F37B /* x2d_object.app */,
			);
			name = Products;
			sourceTree = "<group>";
		};
		24BDCC2014CC6300006F36A1 /* Frameworks */ = {
			isa = PBXGroup;
			children = (
				24BDCCA214CD0011006F36A1 /* libboost_signals.dylib */,
				24BDCC9F14CCF918006F36A1 /* QuartzCore.framework */,
				24BDCC9D14CCF90C006F36A1 /* OpenGL.framework */,
				24BDCC6914CCC122006F36A1 /* OpenGLES.framework */,
				24BDCC4E14CC6DF2006F36A1 /* QuartzCore.framework */,
				24BDCC4114CC6320006F36A1 /* boost.framework */,
				24BDCC2114CC6300006F36A1 /* UIKit.framework */,
				24BDCC2314CC6300006F36A1 /* Foundation.framework */,
				24BDCC2514CC6300006F36A1 /* CoreGraphics.framework */,
			);
			name = Frameworks;
			sourceTree = "<group>";
		};
		24BDCC2714CC6300006F36A1 /* x2d */ = {
			isa = PBXGroup;
			children = (
				24BDCC4314CC63B5006F36A1 /* x2d */,
				24BDCC6114CC86BD006F36A1 /* platform.cpp */,
				24BDCC6314CC8737006F36A1 /* platform.h */,
			);
			path = x2d;
			sourceTree = "<group>";
		};
		24BDCC2814CC6300006F36A1 /* Supporting Files */ = {
			isa = PBXGroup;
			children = (
				241583EE14D0B4E20014F37B /* InfoPlist.strings */,
				241583F014D0B4E20014F37B /* main.mm */,
				241583F114D0B4E20014F37B /* object-Prefix.pch */,
				241583F214D0B4E20014F37B /* object.plist */,
			);
			name = "Supporting Files";
			sourceTree = "<group>";
		};
		24BDCC4314CC63B5006F36A1 /* x2d */ = {
			isa = PBXGroup;
			children = (
				24BDCC6514CCBFEF006F36A1 /* gl */,
				24BDCC5D14CC7E2B006F36A1 /* base */,
				24BDCC5514CC7A23006F36A1 /* util */,
				24BDCC4414CC63C1006F36A1 /* kernel */,
			);
			name = x2d;
			sourceTree = "<group>";
		};
		24BDCC4414CC63C1006F36A1 /* kernel */ = {
			isa = PBXGroup;
			children = (
				24BDCC5F14CC8623006F36A1 /* clock.cpp */,
				24BDCC5914CC7C92006F36A1 /* clock.h */,
				24BDCC5A14CC7C92006F36A1 /* timer.cpp */,
				24BDCC5B14CC7C92006F36A1 /* timer.h */,
				24BDCC4514CC63FD006F36A1 /* kernel.cpp */,
				24BDCC4714CC648D006F36A1 /* kernel.h */,
			);
			name = kernel;
			sourceTree = "<group>";
		};
		24BDCC5514CC7A23006F36A1 /* util */ = {
			isa = PBXGroup;
			children = (
				24BDCC7414CCCE0A006F36A1 /* objc_callback.h */,
				24BDCC6414CC966A006F36A1 /* compare.h */,
				24BDCC5614CC7A5E006F36A1 /* log.cpp */,
				24BDCC5714CC7A5E006F36A1 /* log.h */,
				24BDCCA414CDB365006F36A1 /* interpolator.h */,
				2415838114CDD9DA0014F37B /* math_util.cpp */,
				24BDCCA514CDB68F006F36A1 /* math_util.h */,
			);
			name = util;
			sourceTree = "<group>";
		};
		24BDCC5D14CC7E2B006F36A1 /* base */ = {
			isa = PBXGroup;
			children = (
				24BDCC5E14CC7E56006F36A1 /* base_object.h */,
				2415837F14CDD9380014F37B /* camera.h */,
				2415838914CE09460014F37B /* texture.cpp */,
				2415838814CE04990014F37B /* texture.h */,
			);
			name = base;
			sourceTree = "<group>";
		};
		24BDCC6514CCBFEF006F36A1 /* gl */ = {
			isa = PBXGroup;
			children = (
				24BDCC6614CCC006006F36A1 /* EAGLView.h */,
				24BDCC6714CCC006006F36A1 /* EAGLView.mm */,
				24BDCC6B14CCC797006F36A1 /* graphics_engine.h */,
				24BDCC7214CCC87D006F36A1 /* graphics_engine.cpp */,
			);
			name = gl;
			sourceTree = "<group>";
		};
		24BDCCA114CCF942006F36A1 /* 01_object */ = {
			isa = PBXGroup;
			children = (
				241583EA14D0B4D30014F37B /* AppDelegate.h */,
				241583EB14D0B4D30014F37B /* AppDelegate.mm */,
				24BDCC2814CC6300006F36A1 /* Supporting Files */,
			);
			name = 01_object;
			path = x2d;
			sourceTree = "<group>";
		};
/* End PBXGroup section */

/* Begin PBXHeadersBuildPhase section */
		241583BB14D0B27E0014F37B /* Headers */ = {
			isa = PBXHeadersBuildPhase;
			buildActionMask = 2147483647;
			files = (
			);
			runOnlyForDeploymentPostprocessing = 0;
		};
/* End PBXHeadersBuildPhase section */

/* Begin PBXNativeTarget section */
		241583BC14D0B27E0014F37B /* libx2d */ = {
			isa = PBXNativeTarget;
			buildConfigurationList = 241583C514D0B27E0014F37B /* Build configuration list for PBXNativeTarget "libx2d" */;
			buildPhases = (
				241583B914D0B27E0014F37B /* Sources */,
				241583BA14D0B27E0014F37B /* Frameworks */,
				241583BB14D0B27E0014F37B /* Headers */,
			);
			buildRules = (
			);
			dependencies = (
			);
			name = libx2d;
			productName = libx2d;
			productReference = 241583BD14D0B27E0014F37B /* liblibx2d.a */;
			productType = "com.apple.product-type.library.static";
		};
		241583D414D0B3940014F37B /* 01_object */ = {
			isa = PBXNativeTarget;
			buildConfigurationList = 241583E414D0B3940014F37B /* Build configuration list for PBXNativeTarget "01_object" */;
			buildPhases = (
				241583D714D0B3940014F37B /* Sources */,
				241583DA14D0B3940014F37B /* Frameworks */,
				241583E214D0B3940014F37B /* Resources */,
			);
			buildRules = (
			);
			dependencies = (
				241583D514D0B3940014F37B /* PBXTargetDependency */,
			);
			name = 01_object;
			productName = x2d;
			productReference = 241583E714D0B3940014F37B /* x2d_object.app */;
			productType = "com.apple.product-type.application";
		};
/* End PBXNativeTarget section */

/* Begin PBXProject section */
		24BDCC1414CC6300006F36A1 /* Project object */ = {
			isa = PBXProject;
			attributes = {
				LastUpgradeCheck = 0420;
			};
			buildConfigurationList = 24BDCC1714CC6300006F36A1 /* Build configuration list for PBXProject "x2d" */;
			compatibilityVersion = "Xcode 3.2";
			developmentRegion = English;
			hasScannedForEncodings = 0;
			knownRegions = (
				en,
			);
			mainGroup = 24BDCC1214CC6300006F36A1;
			productRefGroup = 24BDCC1E14CC6300006F36A1 /* Products */;
			projectDirPath = "";
			projectRoot = "";
			targets = (
				241583BC14D0B27E0014F37B /* libx2d */,
				241583D414D0B3940014F37B /* 01_object */,
			);
		};
/* End PBXProject section */

/* Begin PBXResourcesBuildPhase section */
		241583E214D0B3940014F37B /* Resources */ = {
			isa = PBXResourcesBuildPhase;
			buildActionMask = 2147483647;
			files = (
				241583F814D0B5770014F37B /* InfoPlist.strings in Resources */,
			);
			runOnlyForDeploymentPostprocessing = 0;
		};
/* End PBXResourcesBuildPhase section */

/* Begin PBXSourcesBuildPhase section */
		241583B914D0B27E0014F37B /* Sources */ = {
			isa = PBXSourcesBuildPhase;
			buildActionMask = 2147483647;
			files = (
				241583C814D0B2DA0014F37B /* EAGLView.mm in Sources */,
				241583C914D0B2DA0014F37B /* graphics_engine.cpp in Sources */,
				241583CA14D0B2DA0014F37B /* texture.cpp in Sources */,
				241583CB14D0B2DA0014F37B /* log.cpp in Sources */,
				241583CC14D0B2DA0014F37B /* math_util.cpp in Sources */,
				241583CD14D0B2DA0014F37B /* clock.cpp in Sources */,
				241583CE14D0B2DA0014F37B /* timer.cpp in Sources */,
				241583CF14D0B2DA0014F37B /* kernel.cpp in Sources */,
				241583D014D0B2DA0014F37B /* platform.cpp in Sources */,
			);
			runOnlyForDeploymentPostprocessing = 0;
		};
		241583D714D0B3940014F37B /* Sources */ = {
			isa = PBXSourcesBuildPhase;
			buildActionMask = 2147483647;
			files = (
				241583F614D0B5620014F37B /* AppDelegate.mm in Sources */,
				241583F714D0B5620014F37B /* main.mm in Sources */,
			);
			runOnlyForDeploymentPostprocessing = 0;
		};
/* End PBXSourcesBuildPhase section */

/* Begin PBXTargetDependency section */
		241583D514D0B3940014F37B /* PBXTargetDependency */ = {
			isa = PBXTargetDependency;
			target = 241583BC14D0B27E0014F37B /* libx2d */;
			targetProxy = 241583D614D0B3940014F37B /* PBXContainerItemProxy */;
		};
/* End PBXTargetDependency section */

/* Begin PBXVariantGroup section */
		241583EE14D0B4E20014F37B /* InfoPlist.strings */ = {
			isa = PBXVariantGroup;
			children = (
				241583EF14D0B4E20014F37B /* en */,
			);
			name = InfoPlist.strings;
			path = ../01_object/en.lproj;
			sourceTree = "<group>";
		};
/* End PBXVariantGroup section */

/* Begin XCBuildConfiguration section */
		241583C614D0B27E0014F37B /* Debug */ = {
			isa = XCBuildConfiguration;
			buildSettings = {
				DSTROOT = /tmp/libx2d.dst;
				OTHER_LDFLAGS = "-ObjC";
				PRODUCT_NAME = "$(TARGET_NAME)";
				SKIP_INSTALL = YES;
			};
			name = Debug;
		};
		241583C714D0B27E0014F37B /* Release */ = {
			isa = XCBuildConfiguration;
			buildSettings = {
				DSTROOT = /tmp/libx2d.dst;
				OTHER_LDFLAGS = "-ObjC";
				PRODUCT_NAME = "$(TARGET_NAME)";
				SKIP_INSTALL = YES;
			};
			name = Release;
		};
		241583E514D0B3940014F37B /* Debug */ = {
			isa = XCBuildConfiguration;
			buildSettings = {
				GCC_PRECOMPILE_PREFIX_HEADER = YES;
				GCC_PREFIX_HEADER = "01_object/object-Prefix.pch";
				INFOPLIST_FILE = 01_object/object.plist;
				PRODUCT_NAME = x2d_object;
				WRAPPER_EXTENSION = app;
			};
			name = Debug;
		};
		241583E614D0B3940014F37B /* Release */ = {
			isa = XCBuildConfiguration;
			buildSettings = {
				GCC_PRECOMPILE_PREFIX_HEADER = YES;
				GCC_PREFIX_HEADER = "01_object/object-Prefix.pch";
				INFOPLIST_FILE = 01_object/object.plist;
				PRODUCT_NAME = x2d_object;
				WRAPPER_EXTENSION = app;
			};
			name = Release;
		};
		24BDCC3C14CC6300006F36A1 /* Debug */ = {
			isa = XCBuildConfiguration;
			buildSettings = {
				ALWAYS_SEARCH_USER_PATHS = NO;
				ARCHS = "$(ARCHS_STANDARD_32_BIT)";
				"CODE_SIGN_IDENTITY[sdk=iphoneos*]" = "iPhone Developer";
				COPY_PHASE_STRIP = NO;
				GCC_C_LANGUAGE_STANDARD = gnu99;
				GCC_DYNAMIC_NO_PIC = NO;
				GCC_OPTIMIZATION_LEVEL = 0;
				GCC_PREPROCESSOR_DEFINITIONS = (
					"DEBUG=1",
					"$(inherited)",
				);
				GCC_SYMBOLS_PRIVATE_EXTERN = NO;
				GCC_VERSION = com.apple.compilers.llvm.clang.1_0;
				GCC_WARN_ABOUT_MISSING_PROTOTYPES = YES;
				GCC_WARN_ABOUT_RETURN_TYPE = YES;
				GCC_WARN_UNUSED_VARIABLE = YES;
				HEADER_SEARCH_PATHS = "";
				IPHONEOS_DEPLOYMENT_TARGET = 3.1;
				SDKROOT = iphoneos;
				TARGETED_DEVICE_FAMILY = "1,2";
				VALID_ARCHS = "armv6 armv7";
			};
			name = Debug;
		};
		24BDCC3D14CC6300006F36A1 /* Release */ = {
			isa = XCBuildConfiguration;
			buildSettings = {
				ALWAYS_SEARCH_USER_PATHS = NO;
				ARCHS = "$(ARCHS_STANDARD_32_BIT)";
				"CODE_SIGN_IDENTITY[sdk=iphoneos*]" = "iPhone Developer";
				COPY_PHASE_STRIP = YES;
				GCC_C_LANGUAGE_STANDARD = gnu99;
				GCC_VERSION = com.apple.compilers.llvm.clang.1_0;
				GCC_WARN_ABOUT_MISSING_PROTOTYPES = YES;
				GCC_WARN_ABOUT_RETURN_TYPE = YES;
				GCC_WARN_UNUSED_VARIABLE = YES;
				HEADER_SEARCH_PATHS = "";
				IPHONEOS_DEPLOYMENT_TARGET = 3.1;
				OTHER_CFLAGS = "-DNS_BLOCK_ASSERTIONS=1";
				SDKROOT = iphoneos;
				TARGETED_DEVICE_FAMILY = "1,2";
				VALIDATE_PRODUCT = YES;
				VALID_ARCHS = "armv6 armv7";
			};
			name = Release;
		};
/* End XCBuildConfiguration section */

/* Begin XCConfigurationList section */
		241583C514D0B27E0014F37B /* Build configuration list for PBXNativeTarget "libx2d" */ = {
			isa = XCConfigurationList;
			buildConfigurations = (
				241583C614D0B27E0014F37B /* Debug */,
				241583C714D0B27E0014F37B /* Release */,
			);
			defaultConfigurationIsVisible = 0;
		};
		241583E414D0B3940014F37B /* Build configuration list for PBXNativeTarget "01_object" */ = {
			isa = XCConfigurationList;
			buildConfigurations = (
				241583E514D0B3940014F37B /* Debug */,
				241583E614D0B3940014F37B /* Release */,
			);
			defaultConfigurationIsVisible = 0;
			defaultConfigurationName = Release;
		};
		24BDCC1714CC6300006F36A1 /* Build configuration list for PBXProject "x2d" */ = {
			isa = XCConfigurationList;
			buildConfigurations = (
				24BDCC3C14CC6300006F36A1 /* Debug */,
				24BDCC3D14CC6300006F36A1 /* Release */,
			);
			defaultConfigurationIsVisible = 0;
			defaultConfigurationName = Release;
		};
/* End XCConfigurationList section */
	};
	rootObject = 24BDCC1414CC6300006F36A1 /* Project object */;
}
