// !$*UTF8*$!
{
	archiveVersion = 1;
	classes = {
	};
	objectVersion = 46;
	objects = {

/* Begin PBXBuildFile section */
		2415838314CDD9DA0014F37B /* math_util.cpp in Sources */ = {isa = PBXBuildFile; fileRef = 2415838114CDD9DA0014F37B /* math_util.cpp */; };
		2415838A14CE09460014F37B /* texture.cpp in Sources */ = {isa = PBXBuildFile; fileRef = 2415838914CE09460014F37B /* texture.cpp */; };
		24BDCC2214CC6300006F36A1 /* UIKit.framework in Frameworks */ = {isa = PBXBuildFile; fileRef = 24BDCC2114CC6300006F36A1 /* UIKit.framework */; };
		24BDCC2414CC6300006F36A1 /* Foundation.framework in Frameworks */ = {isa = PBXBuildFile; fileRef = 24BDCC2314CC6300006F36A1 /* Foundation.framework */; };
		24BDCC2614CC6300006F36A1 /* CoreGraphics.framework in Frameworks */ = {isa = PBXBuildFile; fileRef = 24BDCC2514CC6300006F36A1 /* CoreGraphics.framework */; };
		24BDCC2C14CC6300006F36A1 /* InfoPlist.strings in Resources */ = {isa = PBXBuildFile; fileRef = 24BDCC2A14CC6300006F36A1 /* InfoPlist.strings */; };
		24BDCC2E14CC6300006F36A1 /* main.mm in Sources */ = {isa = PBXBuildFile; fileRef = 24BDCC2D14CC6300006F36A1 /* main.mm */; };
		24BDCC3214CC6300006F36A1 /* AppDelegate.mm in Sources */ = {isa = PBXBuildFile; fileRef = 24BDCC3114CC6300006F36A1 /* AppDelegate.mm */; };
		24BDCC4214CC6320006F36A1 /* boost.framework in Frameworks */ = {isa = PBXBuildFile; fileRef = 24BDCC4114CC6320006F36A1 /* boost.framework */; };
		24BDCC4614CC63FD006F36A1 /* kernel.cpp in Sources */ = {isa = PBXBuildFile; fileRef = 24BDCC4514CC63FD006F36A1 /* kernel.cpp */; };
		24BDCC4F14CC6DF3006F36A1 /* QuartzCore.framework in Frameworks */ = {isa = PBXBuildFile; fileRef = 24BDCC4E14CC6DF2006F36A1 /* QuartzCore.framework */; };
		24BDCC5814CC7A5E006F36A1 /* log.cpp in Sources */ = {isa = PBXBuildFile; fileRef = 24BDCC5614CC7A5E006F36A1 /* log.cpp */; };
		24BDCC5C14CC7C92006F36A1 /* timer.cpp in Sources */ = {isa = PBXBuildFile; fileRef = 24BDCC5A14CC7C92006F36A1 /* timer.cpp */; };
		24BDCC6014CC8624006F36A1 /* clock.cpp in Sources */ = {isa = PBXBuildFile; fileRef = 24BDCC5F14CC8623006F36A1 /* clock.cpp */; };
		24BDCC6214CC86BE006F36A1 /* platform.cpp in Sources */ = {isa = PBXBuildFile; fileRef = 24BDCC6114CC86BD006F36A1 /* platform.cpp */; };
		24BDCC6814CCC006006F36A1 /* EAGLView.mm in Sources */ = {isa = PBXBuildFile; fileRef = 24BDCC6714CCC006006F36A1 /* EAGLView.mm */; };
		24BDCC6A14CCC123006F36A1 /* OpenGLES.framework in Frameworks */ = {isa = PBXBuildFile; fileRef = 24BDCC6914CCC122006F36A1 /* OpenGLES.framework */; };
		24BDCC7314CCC87E006F36A1 /* graphics_engine.cpp in Sources */ = {isa = PBXBuildFile; fileRef = 24BDCC7214CCC87D006F36A1 /* graphics_engine.cpp */; };
/* End PBXBuildFile section */

/* Begin PBXFileReference section */
		2415837F14CDD9380014F37B /* camera.h */ = {isa = PBXFileReference; fileEncoding = 4; lastKnownFileType = sourcecode.c.h; name = camera.h; path = src/base/camera.h; sourceTree = "<group>"; };
		2415838114CDD9DA0014F37B /* math_util.cpp */ = {isa = PBXFileReference; fileEncoding = 4; lastKnownFileType = sourcecode.cpp.cpp; name = math_util.cpp; path = src/util/math_util.cpp; sourceTree = "<group>"; };
		2415838814CE04990014F37B /* texture.h */ = {isa = PBXFileReference; fileEncoding = 4; lastKnownFileType = sourcecode.c.h; name = texture.h; path = src/base/texture.h; sourceTree = "<group>"; };
		2415838914CE09460014F37B /* texture.cpp */ = {isa = PBXFileReference; fileEncoding = 4; lastKnownFileType = sourcecode.cpp.cpp; name = texture.cpp; path = src/base/texture.cpp; sourceTree = "<group>"; };
		24BDCC1D14CC6300006F36A1 /* x2d.app */ = {isa = PBXFileReference; explicitFileType = wrapper.application; includeInIndex = 0; path = x2d.app; sourceTree = BUILT_PRODUCTS_DIR; };
		24BDCC2114CC6300006F36A1 /* UIKit.framework */ = {isa = PBXFileReference; lastKnownFileType = wrapper.framework; name = UIKit.framework; path = System/Library/Frameworks/UIKit.framework; sourceTree = SDKROOT; };
		24BDCC2314CC6300006F36A1 /* Foundation.framework */ = {isa = PBXFileReference; lastKnownFileType = wrapper.framework; name = Foundation.framework; path = System/Library/Frameworks/Foundation.framework; sourceTree = SDKROOT; };
		24BDCC2514CC6300006F36A1 /* CoreGraphics.framework */ = {isa = PBXFileReference; lastKnownFileType = wrapper.framework; name = CoreGraphics.framework; path = System/Library/Frameworks/CoreGraphics.framework; sourceTree = SDKROOT; };
		24BDCC2914CC6300006F36A1 /* x2d-Info.plist */ = {isa = PBXFileReference; lastKnownFileType = text.plist.xml; path = "x2d-Info.plist"; sourceTree = "<group>"; };
		24BDCC2B14CC6300006F36A1 /* en */ = {isa = PBXFileReference; lastKnownFileType = text.plist.strings; name = en; path = en.lproj/InfoPlist.strings; sourceTree = "<group>"; };
		24BDCC2D14CC6300006F36A1 /* main.mm */ = {isa = PBXFileReference; lastKnownFileType = sourcecode.cpp.objcpp; path = main.mm; sourceTree = "<group>"; };
		24BDCC2F14CC6300006F36A1 /* x2d-Prefix.pch */ = {isa = PBXFileReference; lastKnownFileType = sourcecode.c.h; path = "x2d-Prefix.pch"; sourceTree = "<group>"; };
		24BDCC3014CC6300006F36A1 /* AppDelegate.h */ = {isa = PBXFileReference; lastKnownFileType = sourcecode.c.h; path = AppDelegate.h; sourceTree = "<group>"; };
		24BDCC3114CC6300006F36A1 /* AppDelegate.mm */ = {isa = PBXFileReference; lastKnownFileType = sourcecode.cpp.objcpp; path = AppDelegate.mm; sourceTree = "<group>"; };
		24BDCC4114CC6320006F36A1 /* boost.framework */ = {isa = PBXFileReference; lastKnownFileType = wrapper.framework; name = boost.framework; path = System/Library/Frameworks/boost.framework; sourceTree = SDKROOT; };
		24BDCC4514CC63FD006F36A1 /* kernel.cpp */ = {isa = PBXFileReference; fileEncoding = 4; lastKnownFileType = sourcecode.cpp.cpp; name = kernel.cpp; path = src/kernel/kernel.cpp; sourceTree = "<group>"; };
		24BDCC4714CC648D006F36A1 /* kernel.h */ = {isa = PBXFileReference; fileEncoding = 4; lastKnownFileType = sourcecode.c.h; name = kernel.h; path = src/kernel/kernel.h; sourceTree = "<group>"; };
		24BDCC4E14CC6DF2006F36A1 /* QuartzCore.framework */ = {isa = PBXFileReference; lastKnownFileType = wrapper.framework; name = QuartzCore.framework; path = System/Library/Frameworks/QuartzCore.framework; sourceTree = SDKROOT; };
		24BDCC5614CC7A5E006F36A1 /* log.cpp */ = {isa = PBXFileReference; fileEncoding = 4; lastKnownFileType = sourcecode.cpp.cpp; name = log.cpp; path = src/util/log.cpp; sourceTree = "<group>"; };
		24BDCC5714CC7A5E006F36A1 /* log.h */ = {isa = PBXFileReference; fileEncoding = 4; lastKnownFileType = sourcecode.c.h; name = log.h; path = src/util/log.h; sourceTree = "<group>"; };
		24BDCC5914CC7C92006F36A1 /* clock.h */ = {isa = PBXFileReference; fileEncoding = 4; lastKnownFileType = sourcecode.c.h; name = clock.h; path = src/kernel/clock.h; sourceTree = "<group>"; };
		24BDCC5A14CC7C92006F36A1 /* timer.cpp */ = {isa = PBXFileReference; fileEncoding = 4; lastKnownFileType = sourcecode.cpp.cpp; name = timer.cpp; path = src/kernel/timer.cpp; sourceTree = "<group>"; };
		24BDCC5B14CC7C92006F36A1 /* timer.h */ = {isa = PBXFileReference; fileEncoding = 4; lastKnownFileType = sourcecode.c.h; name = timer.h; path = src/kernel/timer.h; sourceTree = "<group>"; };
		24BDCC5E14CC7E56006F36A1 /* base_object.h */ = {isa = PBXFileReference; fileEncoding = 4; lastKnownFileType = sourcecode.c.h; name = base_object.h; path = src/base/base_object.h; sourceTree = "<group>"; };
		24BDCC5F14CC8623006F36A1 /* clock.cpp */ = {isa = PBXFileReference; fileEncoding = 4; lastKnownFileType = sourcecode.cpp.cpp; name = clock.cpp; path = src/kernel/clock.cpp; sourceTree = "<group>"; };
		24BDCC6114CC86BD006F36A1 /* platform.cpp */ = {isa = PBXFileReference; fileEncoding = 4; lastKnownFileType = sourcecode.cpp.cpp; name = platform.cpp; path = src/platform.cpp; sourceTree = "<group>"; };
		24BDCC6314CC8737006F36A1 /* platform.h */ = {isa = PBXFileReference; fileEncoding = 4; lastKnownFileType = sourcecode.c.h; name = platform.h; path = src/platform.h; sourceTree = "<group>"; };
		24BDCC6414CC966A006F36A1 /* compare.h */ = {isa = PBXFileReference; fileEncoding = 4; lastKnownFileType = sourcecode.c.h; name = compare.h; path = src/util/compare.h; sourceTree = "<group>"; };
		24BDCC6614CCC006006F36A1 /* EAGLView.h */ = {isa = PBXFileReference; fileEncoding = 4; lastKnownFileType = sourcecode.c.h; name = EAGLView.h; path = src/gl/EAGLView.h; sourceTree = "<group>"; };
		24BDCC6714CCC006006F36A1 /* EAGLView.mm */ = {isa = PBXFileReference; fileEncoding = 4; lastKnownFileType = sourcecode.cpp.objcpp; name = EAGLView.mm; path = src/gl/EAGLView.mm; sourceTree = "<group>"; };
		24BDCC6914CCC122006F36A1 /* OpenGLES.framework */ = {isa = PBXFileReference; lastKnownFileType = wrapper.framework; name = OpenGLES.framework; path = System/Library/Frameworks/OpenGLES.framework; sourceTree = SDKROOT; };
		24BDCC6B14CCC797006F36A1 /* graphics_engine.h */ = {isa = PBXFileReference; fileEncoding = 4; lastKnownFileType = sourcecode.c.h; name = graphics_engine.h; path = src/gl/graphics_engine.h; sourceTree = "<group>"; };
		24BDCC7214CCC87D006F36A1 /* graphics_engine.cpp */ = {isa = PBXFileReference; fileEncoding = 4; lastKnownFileType = sourcecode.cpp.cpp; name = graphics_engine.cpp; path = src/gl/graphics_engine.cpp; sourceTree = "<group>"; };
		24BDCC7414CCCE0A006F36A1 /* objc_callback.h */ = {isa = PBXFileReference; fileEncoding = 4; lastKnownFileType = sourcecode.c.h; name = objc_callback.h; path = src/util/objc_callback.h; sourceTree = "<group>"; };
		24BDCC7B14CCF8B7006F36A1 /* Cocoa.framework */ = {isa = PBXFileReference; lastKnownFileType = wrapper.framework; name = Cocoa.framework; path = Library/Frameworks/Cocoa.framework; sourceTree = DEVELOPER_DIR; };
		24BDCC7E14CCF8B8006F36A1 /* AppKit.framework */ = {isa = PBXFileReference; lastKnownFileType = wrapper.framework; name = AppKit.framework; path = Library/Frameworks/AppKit.framework; sourceTree = SDKROOT; };
		24BDCC7F14CCF8B8006F36A1 /* CoreData.framework */ = {isa = PBXFileReference; lastKnownFileType = wrapper.framework; name = CoreData.framework; path = Library/Frameworks/CoreData.framework; sourceTree = SDKROOT; };
		24BDCC8014CCF8B8006F36A1 /* Foundation.framework */ = {isa = PBXFileReference; lastKnownFileType = wrapper.framework; name = Foundation.framework; path = Library/Frameworks/Foundation.framework; sourceTree = SDKROOT; };
		24BDCC9D14CCF90C006F36A1 /* OpenGL.framework */ = {isa = PBXFileReference; lastKnownFileType = wrapper.framework; name = OpenGL.framework; path = SDKs/MacOSX10.7.sdk/System/Library/Frameworks/OpenGL.framework; sourceTree = DEVELOPER_DIR; };
		24BDCC9F14CCF918006F36A1 /* QuartzCore.framework */ = {isa = PBXFileReference; lastKnownFileType = wrapper.framework; name = QuartzCore.framework; path = SDKs/MacOSX10.7.sdk/System/Library/Frameworks/QuartzCore.framework; sourceTree = DEVELOPER_DIR; };
		24BDCCA214CD0011006F36A1 /* libboost_signals.dylib */ = {isa = PBXFileReference; lastKnownFileType = "compiled.mach-o.dylib"; name = libboost_signals.dylib; path = SDKs/MacOSX10.7.sdk/usr/local/lib/libboost_signals.dylib; sourceTree = DEVELOPER_DIR; };
		24BDCCA414CDB365006F36A1 /* interpolator.h */ = {isa = PBXFileReference; fileEncoding = 4; lastKnownFileType = sourcecode.c.h; name = interpolator.h; path = src/util/interpolator.h; sourceTree = "<group>"; };
		24BDCCA514CDB68F006F36A1 /* math_util.h */ = {isa = PBXFileReference; fileEncoding = 4; lastKnownFileType = sourcecode.c.h; name = math_util.h; path = src/util/math_util.h; sourceTree = "<group>"; };
/* End PBXFileReference section */

/* Begin PBXFrameworksBuildPhase section */
		24BDCC1A14CC6300006F36A1 /* Frameworks */ = {
			isa = PBXFrameworksBuildPhase;
			buildActionMask = 2147483647;
			files = (
				24BDCC6A14CCC123006F36A1 /* OpenGLES.framework in Frameworks */,
				24BDCC4F14CC6DF3006F36A1 /* QuartzCore.framework in Frameworks */,
				24BDCC2614CC6300006F36A1 /* CoreGraphics.framework in Frameworks */,
				24BDCC4214CC6320006F36A1 /* boost.framework in Frameworks */,
				24BDCC2214CC6300006F36A1 /* UIKit.framework in Frameworks */,
				24BDCC2414CC6300006F36A1 /* Foundation.framework in Frameworks */,
			);
			runOnlyForDeploymentPostprocessing = 0;
		};
/* End PBXFrameworksBuildPhase section */

/* Begin PBXGroup section */
		24BDCC1214CC6300006F36A1 = {
			isa = PBXGroup;
			children = (
				24BDCC2714CC6300006F36A1 /* x2d */,
				24BDCC2014CC6300006F36A1 /* Frameworks */,
				24BDCC1E14CC6300006F36A1 /* Products */,
			);
			sourceTree = "<group>";
		};
		24BDCC1E14CC6300006F36A1 /* Products */ = {
			isa = PBXGroup;
			children = (
				24BDCC1D14CC6300006F36A1 /* x2d.app */,
			);
			name = Products;
			sourceTree = "<group>";
		};
		24BDCC2014CC6300006F36A1 /* Frameworks */ = {
			isa = PBXGroup;
			children = (
				24BDCCA214CD0011006F36A1 /* libboost_signals.dylib */,
				24BDCC9F14CCF918006F36A1 /* QuartzCore.framework */,
				24BDCC9D14CCF90C006F36A1 /* OpenGL.framework */,
				24BDCC6914CCC122006F36A1 /* OpenGLES.framework */,
				24BDCC4E14CC6DF2006F36A1 /* QuartzCore.framework */,
				24BDCC4114CC6320006F36A1 /* boost.framework */,
				24BDCC2114CC6300006F36A1 /* UIKit.framework */,
				24BDCC2314CC6300006F36A1 /* Foundation.framework */,
				24BDCC2514CC6300006F36A1 /* CoreGraphics.framework */,
				24BDCC7B14CCF8B7006F36A1 /* Cocoa.framework */,
				24BDCC7D14CCF8B7006F36A1 /* Other Frameworks */,
			);
			name = Frameworks;
			sourceTree = "<group>";
		};
		24BDCC2714CC6300006F36A1 /* x2d */ = {
			isa = PBXGroup;
			children = (
				24BDCCA114CCF942006F36A1 /* iPhone_test */,
				24BDCC4314CC63B5006F36A1 /* x2d */,
				24BDCC6114CC86BD006F36A1 /* platform.cpp */,
				24BDCC6314CC8737006F36A1 /* platform.h */,
				24BDCC2814CC6300006F36A1 /* Supporting Files */,
			);
			path = x2d;
			sourceTree = "<group>";
		};
		24BDCC2814CC6300006F36A1 /* Supporting Files */ = {
			isa = PBXGroup;
			children = (
				24BDCC2914CC6300006F36A1 /* x2d-Info.plist */,
				24BDCC2A14CC6300006F36A1 /* InfoPlist.strings */,
				24BDCC2D14CC6300006F36A1 /* main.mm */,
				24BDCC2F14CC6300006F36A1 /* x2d-Prefix.pch */,
			);
			name = "Supporting Files";
			sourceTree = "<group>";
		};
		24BDCC4314CC63B5006F36A1 /* x2d */ = {
			isa = PBXGroup;
			children = (
				24BDCC6514CCBFEF006F36A1 /* gl */,
				24BDCC5D14CC7E2B006F36A1 /* base */,
				24BDCC5514CC7A23006F36A1 /* util */,
				24BDCC4414CC63C1006F36A1 /* kernel */,
			);
			name = x2d;
			sourceTree = "<group>";
		};
		24BDCC4414CC63C1006F36A1 /* kernel */ = {
			isa = PBXGroup;
			children = (
				24BDCC5F14CC8623006F36A1 /* clock.cpp */,
				24BDCC5914CC7C92006F36A1 /* clock.h */,
				24BDCC5A14CC7C92006F36A1 /* timer.cpp */,
				24BDCC5B14CC7C92006F36A1 /* timer.h */,
				24BDCC4514CC63FD006F36A1 /* kernel.cpp */,
				24BDCC4714CC648D006F36A1 /* kernel.h */,
			);
			name = kernel;
			sourceTree = "<group>";
		};
		24BDCC5514CC7A23006F36A1 /* util */ = {
			isa = PBXGroup;
			children = (
				24BDCC7414CCCE0A006F36A1 /* objc_callback.h */,
				24BDCC6414CC966A006F36A1 /* compare.h */,
				24BDCC5614CC7A5E006F36A1 /* log.cpp */,
				24BDCC5714CC7A5E006F36A1 /* log.h */,
				24BDCCA414CDB365006F36A1 /* interpolator.h */,
				2415838114CDD9DA0014F37B /* math_util.cpp */,
				24BDCCA514CDB68F006F36A1 /* math_util.h */,
			);
			name = util;
			sourceTree = "<group>";
		};
		24BDCC5D14CC7E2B006F36A1 /* base */ = {
			isa = PBXGroup;
			children = (
				24BDCC5E14CC7E56006F36A1 /* base_object.h */,
				2415837F14CDD9380014F37B /* camera.h */,
				2415838914CE09460014F37B /* texture.cpp */,
				2415838814CE04990014F37B /* texture.h */,
			);
			name = base;
			sourceTree = "<group>";
		};
		24BDCC6514CCBFEF006F36A1 /* gl */ = {
			isa = PBXGroup;
			children = (
				24BDCC6614CCC006006F36A1 /* EAGLView.h */,
				24BDCC6714CCC006006F36A1 /* EAGLView.mm */,
				24BDCC6B14CCC797006F36A1 /* graphics_engine.h */,
				24BDCC7214CCC87D006F36A1 /* graphics_engine.cpp */,
			);
			name = gl;
			sourceTree = "<group>";
		};
		24BDCC7D14CCF8B7006F36A1 /* Other Frameworks */ = {
			isa = PBXGroup;
			children = (
				24BDCC7E14CCF8B8006F36A1 /* AppKit.framework */,
				24BDCC7F14CCF8B8006F36A1 /* CoreData.framework */,
				24BDCC8014CCF8B8006F36A1 /* Foundation.framework */,
			);
			name = "Other Frameworks";
			sourceTree = "<group>";
		};
		24BDCCA114CCF942006F36A1 /* iPhone_test */ = {
			isa = PBXGroup;
			children = (
				24BDCC3014CC6300006F36A1 /* AppDelegate.h */,
				24BDCC3114CC6300006F36A1 /* AppDelegate.mm */,
			);
			name = iPhone_test;
			sourceTree = "<group>";
		};
/* End PBXGroup section */

/* Begin PBXNativeTarget section */
		24BDCC1C14CC6300006F36A1 /* x2d */ = {
			isa = PBXNativeTarget;
			buildConfigurationList = 24BDCC3E14CC6300006F36A1 /* Build configuration list for PBXNativeTarget "x2d" */;
			buildPhases = (
				24BDCC1914CC6300006F36A1 /* Sources */,
				24BDCC1A14CC6300006F36A1 /* Frameworks */,
				24BDCC1B14CC6300006F36A1 /* Resources */,
			);
			buildRules = (
			);
			dependencies = (
			);
			name = x2d;
			productName = x2d;
			productReference = 24BDCC1D14CC6300006F36A1 /* x2d.app */;
			productType = "com.apple.product-type.application";
		};
/* End PBXNativeTarget section */

/* Begin PBXProject section */
		24BDCC1414CC6300006F36A1 /* Project object */ = {
			isa = PBXProject;
			attributes = {
				LastUpgradeCheck = 0420;
			};
			buildConfigurationList = 24BDCC1714CC6300006F36A1 /* Build configuration list for PBXProject "x2d" */;
			compatibilityVersion = "Xcode 3.2";
			developmentRegion = English;
			hasScannedForEncodings = 0;
			knownRegions = (
				en,
			);
			mainGroup = 24BDCC1214CC6300006F36A1;
			productRefGroup = 24BDCC1E14CC6300006F36A1 /* Products */;
			projectDirPath = "";
			projectRoot = "";
			targets = (
				24BDCC1C14CC6300006F36A1 /* x2d */,
			);
		};
/* End PBXProject section */

/* Begin PBXResourcesBuildPhase section */
		24BDCC1B14CC6300006F36A1 /* Resources */ = {
			isa = PBXResourcesBuildPhase;
			buildActionMask = 2147483647;
			files = (
				24BDCC2C14CC6300006F36A1 /* InfoPlist.strings in Resources */,
			);
			runOnlyForDeploymentPostprocessing = 0;
		};
/* End PBXResourcesBuildPhase section */

/* Begin PBXSourcesBuildPhase section */
		24BDCC1914CC6300006F36A1 /* Sources */ = {
			isa = PBXSourcesBuildPhase;
			buildActionMask = 2147483647;
			files = (
				24BDCC2E14CC6300006F36A1 /* main.mm in Sources */,
				24BDCC3214CC6300006F36A1 /* AppDelegate.mm in Sources */,
				24BDCC4614CC63FD006F36A1 /* kernel.cpp in Sources */,
				24BDCC5814CC7A5E006F36A1 /* log.cpp in Sources */,
				24BDCC5C14CC7C92006F36A1 /* timer.cpp in Sources */,
				24BDCC6014CC8624006F36A1 /* clock.cpp in Sources */,
				24BDCC6214CC86BE006F36A1 /* platform.cpp in Sources */,
				24BDCC6814CCC006006F36A1 /* EAGLView.mm in Sources */,
				24BDCC7314CCC87E006F36A1 /* graphics_engine.cpp in Sources */,
				2415838314CDD9DA0014F37B /* math_util.cpp in Sources */,
				2415838A14CE09460014F37B /* texture.cpp in Sources */,
			);
			runOnlyForDeploymentPostprocessing = 0;
		};
/* End PBXSourcesBuildPhase section */

/* Begin PBXVariantGroup section */
		24BDCC2A14CC6300006F36A1 /* InfoPlist.strings */ = {
			isa = PBXVariantGroup;
			children = (
				24BDCC2B14CC6300006F36A1 /* en */,
			);
			name = InfoPlist.strings;
			sourceTree = "<group>";
		};
/* End PBXVariantGroup section */

/* Begin XCBuildConfiguration section */
		24BDCC3C14CC6300006F36A1 /* Debug */ = {
			isa = XCBuildConfiguration;
			buildSettings = {
				ALWAYS_SEARCH_USER_PATHS = NO;
				ARCHS = "$(ARCHS_STANDARD_32_BIT)";
				"CODE_SIGN_IDENTITY[sdk=iphoneos*]" = "iPhone Developer";
				COPY_PHASE_STRIP = NO;
				GCC_C_LANGUAGE_STANDARD = gnu99;
				GCC_DYNAMIC_NO_PIC = NO;
				GCC_OPTIMIZATION_LEVEL = 0;
				GCC_PREPROCESSOR_DEFINITIONS = (
					"DEBUG=1",
					"$(inherited)",
				);
				GCC_SYMBOLS_PRIVATE_EXTERN = NO;
				GCC_VERSION = com.apple.compilers.llvm.clang.1_0;
				GCC_WARN_ABOUT_MISSING_PROTOTYPES = YES;
				GCC_WARN_ABOUT_RETURN_TYPE = YES;
				GCC_WARN_UNUSED_VARIABLE = YES;
				HEADER_SEARCH_PATHS = "";
				IPHONEOS_DEPLOYMENT_TARGET = 3.1;
				SDKROOT = iphoneos;
				TARGETED_DEVICE_FAMILY = "1,2";
				VALID_ARCHS = "armv6 armv7";
			};
			name = Debug;
		};
		24BDCC3D14CC6300006F36A1 /* Release */ = {
			isa = XCBuildConfiguration;
			buildSettings = {
				ALWAYS_SEARCH_USER_PATHS = NO;
				ARCHS = "$(ARCHS_STANDARD_32_BIT)";
				"CODE_SIGN_IDENTITY[sdk=iphoneos*]" = "iPhone Developer";
				COPY_PHASE_STRIP = YES;
				GCC_C_LANGUAGE_STANDARD = gnu99;
				GCC_VERSION = com.apple.compilers.llvm.clang.1_0;
				GCC_WARN_ABOUT_MISSING_PROTOTYPES = YES;
				GCC_WARN_ABOUT_RETURN_TYPE = YES;
				GCC_WARN_UNUSED_VARIABLE = YES;
				HEADER_SEARCH_PATHS = "";
				IPHONEOS_DEPLOYMENT_TARGET = 3.1;
				OTHER_CFLAGS = "-DNS_BLOCK_ASSERTIONS=1";
				SDKROOT = iphoneos;
				TARGETED_DEVICE_FAMILY = "1,2";
				VALIDATE_PRODUCT = YES;
				VALID_ARCHS = "armv6 armv7";
			};
			name = Release;
		};
		24BDCC3F14CC6300006F36A1 /* Debug */ = {
			isa = XCBuildConfiguration;
			buildSettings = {
				GCC_PRECOMPILE_PREFIX_HEADER = YES;
				GCC_PREFIX_HEADER = "x2d/x2d-Prefix.pch";
				INFOPLIST_FILE = "x2d/x2d-Info.plist";
				PRODUCT_NAME = "$(TARGET_NAME)";
				WRAPPER_EXTENSION = app;
			};
			name = Debug;
		};
		24BDCC4014CC6300006F36A1 /* Release */ = {
			isa = XCBuildConfiguration;
			buildSettings = {
				GCC_PRECOMPILE_PREFIX_HEADER = YES;
				GCC_PREFIX_HEADER = "x2d/x2d-Prefix.pch";
				INFOPLIST_FILE = "x2d/x2d-Info.plist";
				PRODUCT_NAME = "$(TARGET_NAME)";
				WRAPPER_EXTENSION = app;
			};
			name = Release;
		};
/* End XCBuildConfiguration section */

/* Begin XCConfigurationList section */
		24BDCC1714CC6300006F36A1 /* Build configuration list for PBXProject "x2d" */ = {
			isa = XCConfigurationList;
			buildConfigurations = (
				24BDCC3C14CC6300006F36A1 /* Debug */,
				24BDCC3D14CC6300006F36A1 /* Release */,
			);
			defaultConfigurationIsVisible = 0;
			defaultConfigurationName = Release;
		};
		24BDCC3E14CC6300006F36A1 /* Build configuration list for PBXNativeTarget "x2d" */ = {
			isa = XCConfigurationList;
			buildConfigurations = (
				24BDCC3F14CC6300006F36A1 /* Debug */,
				24BDCC4014CC6300006F36A1 /* Release */,
			);
			defaultConfigurationIsVisible = 0;
			defaultConfigurationName = Release;
		};
/* End XCConfigurationList section */
	};
	rootObject = 24BDCC1414CC6300006F36A1 /* Project object */;
}
