// !$*UTF8*$!
{
	archiveVersion = 1;
	classes = {
	};
	objectVersion = 46;
	objects = {

/* Begin PBXBuildFile section */
		241583BE14D0B27E0014F37B /* Foundation.framework in Frameworks */ = {isa = PBXBuildFile; fileRef = 24BDCC2314CC6300006F36A1 /* Foundation.framework */; };
		241583C814D0B2DA0014F37B /* EAGLView.mm in Sources */ = {isa = PBXBuildFile; fileRef = 24BDCC6714CCC006006F36A1 /* EAGLView.mm */; };
		241583C914D0B2DA0014F37B /* graphics_engine.cpp in Sources */ = {isa = PBXBuildFile; fileRef = 24BDCC7214CCC87D006F36A1 /* graphics_engine.cpp */; };
		241583CA14D0B2DA0014F37B /* texture.cpp in Sources */ = {isa = PBXBuildFile; fileRef = 2415838914CE09460014F37B /* texture.cpp */; };
		241583CB14D0B2DA0014F37B /* log.cpp in Sources */ = {isa = PBXBuildFile; fileRef = 24BDCC5614CC7A5E006F36A1 /* log.cpp */; };
		241583CC14D0B2DA0014F37B /* math_util.cpp in Sources */ = {isa = PBXBuildFile; fileRef = 2415838114CDD9DA0014F37B /* math_util.cpp */; };
		241583CD14D0B2DA0014F37B /* clock.cpp in Sources */ = {isa = PBXBuildFile; fileRef = 24BDCC5F14CC8623006F36A1 /* clock.cpp */; };
		241583CE14D0B2DA0014F37B /* timer.cpp in Sources */ = {isa = PBXBuildFile; fileRef = 24BDCC5A14CC7C92006F36A1 /* timer.cpp */; };
		241583CF14D0B2DA0014F37B /* kernel.cpp in Sources */ = {isa = PBXBuildFile; fileRef = 24BDCC4514CC63FD006F36A1 /* kernel.cpp */; };
		241583D014D0B2DA0014F37B /* platform.mm in Sources */ = {isa = PBXBuildFile; fileRef = 24BDCC6114CC86BD006F36A1 /* platform.mm */; };
		241583DB14D0B3940014F37B /* libx2d.a in Frameworks */ = {isa = PBXBuildFile; fileRef = 241583BD14D0B27E0014F37B /* libx2d.a */; };
		241583DC14D0B3940014F37B /* OpenGLES.framework in Frameworks */ = {isa = PBXBuildFile; fileRef = 24BDCC6914CCC122006F36A1 /* OpenGLES.framework */; };
		241583DD14D0B3940014F37B /* QuartzCore.framework in Frameworks */ = {isa = PBXBuildFile; fileRef = 24BDCC4E14CC6DF2006F36A1 /* QuartzCore.framework */; };
		241583DE14D0B3940014F37B /* CoreGraphics.framework in Frameworks */ = {isa = PBXBuildFile; fileRef = 24BDCC2514CC6300006F36A1 /* CoreGraphics.framework */; };
		241583DF14D0B3940014F37B /* boost.framework in Frameworks */ = {isa = PBXBuildFile; fileRef = 24BDCC4114CC6320006F36A1 /* boost.framework */; };
		241583E014D0B3940014F37B /* UIKit.framework in Frameworks */ = {isa = PBXBuildFile; fileRef = 24BDCC2114CC6300006F36A1 /* UIKit.framework */; };
		241583E114D0B3940014F37B /* Foundation.framework in Frameworks */ = {isa = PBXBuildFile; fileRef = 24BDCC2314CC6300006F36A1 /* Foundation.framework */; };
		241583F614D0B5620014F37B /* AppDelegate.mm in Sources */ = {isa = PBXBuildFile; fileRef = 241583EB14D0B4D30014F37B /* AppDelegate.mm */; };
		241583F714D0B5620014F37B /* main.mm in Sources */ = {isa = PBXBuildFile; fileRef = 241583F014D0B4E20014F37B /* main.mm */; };
		241583F814D0B5770014F37B /* InfoPlist.strings in Resources */ = {isa = PBXBuildFile; fileRef = 241583EE14D0B4E20014F37B /* InfoPlist.strings */; };
		241583FB14D0B6C10014F37B /* custom_obj.cpp in Sources */ = {isa = PBXBuildFile; fileRef = 241583FA14D0B6C10014F37B /* custom_obj.cpp */; };
		2415840914D0CD8A0014F37B /* liverpool.cpp in Sources */ = {isa = PBXBuildFile; fileRef = 2415840714D0CD8A0014F37B /* liverpool.cpp */; };
		2415840A14D0CD8A0014F37B /* liverpool.h in Headers */ = {isa = PBXBuildFile; fileRef = 2415840814D0CD8A0014F37B /* liverpool.h */; };
		2415840C14D0CE2A0014F37B /* filesystem.h in Headers */ = {isa = PBXBuildFile; fileRef = 2415840B14D0CE2A0014F37B /* filesystem.h */; };
		2415841014D0D1B70014F37B /* posix_fs.h in Headers */ = {isa = PBXBuildFile; fileRef = 2415840F14D0D1B70014F37B /* posix_fs.h */; };
		2415841214D0D5480014F37B /* posix_fs.cpp in Sources */ = {isa = PBXBuildFile; fileRef = 2415841114D0D5480014F37B /* posix_fs.cpp */; };
		2415841914D0E57F0014F37B /* resources.zip in Resources */ = {isa = PBXBuildFile; fileRef = 2415841814D0E57F0014F37B /* resources.zip */; };
		2415841B14D2DA900014F37B /* liverpool_manager.h in Headers */ = {isa = PBXBuildFile; fileRef = 2415841A14D2DA900014F37B /* liverpool_manager.h */; };
		2415841D14D2DBC20014F37B /* liverpool_manager.cpp in Sources */ = {isa = PBXBuildFile; fileRef = 2415841C14D2DBC20014F37B /* liverpool_manager.cpp */; };
		2415842014D2E4860014F37B /* resource_manager.h in Headers */ = {isa = PBXBuildFile; fileRef = 2415841F14D2E4860014F37B /* resource_manager.h */; };
		2415842814D6079A0014F37B /* picopng.h in Headers */ = {isa = PBXBuildFile; fileRef = 2415842714D6079A0014F37B /* picopng.h */; };
		2415842A14D611170014F37B /* sprite.h in Headers */ = {isa = PBXBuildFile; fileRef = 2415842914D611170014F37B /* sprite.h */; };
		2415842C14D613900014F37B /* sprite.cpp in Sources */ = {isa = PBXBuildFile; fileRef = 2415842B14D613900014F37B /* sprite.cpp */; };
		244DDD1814DED9C500F4E029 /* object.h in Headers */ = {isa = PBXBuildFile; fileRef = 244DDD1714DED9C500F4E029 /* object.h */; };
		244DDD1B14DEDAB400F4E029 /* space.h in Headers */ = {isa = PBXBuildFile; fileRef = 244DDD1A14DEDAB400F4E029 /* space.h */; };
		2451517614DACA620029D699 /* libx2d.a in Frameworks */ = {isa = PBXBuildFile; fileRef = 241583BD14D0B27E0014F37B /* libx2d.a */; };
		2451517714DACA620029D699 /* OpenGLES.framework in Frameworks */ = {isa = PBXBuildFile; fileRef = 24BDCC6914CCC122006F36A1 /* OpenGLES.framework */; };
		2451517814DACA620029D699 /* QuartzCore.framework in Frameworks */ = {isa = PBXBuildFile; fileRef = 24BDCC4E14CC6DF2006F36A1 /* QuartzCore.framework */; };
		2451517914DACA620029D699 /* CoreGraphics.framework in Frameworks */ = {isa = PBXBuildFile; fileRef = 24BDCC2514CC6300006F36A1 /* CoreGraphics.framework */; };
		2451517A14DACA620029D699 /* boost.framework in Frameworks */ = {isa = PBXBuildFile; fileRef = 24BDCC4114CC6320006F36A1 /* boost.framework */; };
		2451517B14DACA620029D699 /* UIKit.framework in Frameworks */ = {isa = PBXBuildFile; fileRef = 24BDCC2114CC6300006F36A1 /* UIKit.framework */; };
		2451517C14DACA620029D699 /* Foundation.framework in Frameworks */ = {isa = PBXBuildFile; fileRef = 24BDCC2314CC6300006F36A1 /* Foundation.framework */; };
		2451519D14DACBE80029D699 /* AppDelegate.mm in Sources */ = {isa = PBXBuildFile; fileRef = 2451518F14DACBE80029D699 /* AppDelegate.mm */; };
		2451519E14DACBE80029D699 /* custom_obj.cpp in Sources */ = {isa = PBXBuildFile; fileRef = 2451519014DACBE80029D699 /* custom_obj.cpp */; };
		245151A014DACBE80029D699 /* main.mm in Sources */ = {isa = PBXBuildFile; fileRef = 2451519514DACBE80029D699 /* main.mm */; };
		245151A314DACBE80029D699 /* scene.cpp in Sources */ = {isa = PBXBuildFile; fileRef = 2451519914DACBE80029D699 /* scene.cpp */; };
		245151A614DACC740029D699 /* resources.zip in Resources */ = {isa = PBXBuildFile; fileRef = 245151A514DACC740029D699 /* resources.zip */; };
		245151A714DACC860029D699 /* InfoPlist.strings in Resources */ = {isa = PBXBuildFile; fileRef = 2451519214DACBE80029D699 /* InfoPlist.strings */; };
		245151A814DACC860029D699 /* viewport-Prefix.pch in Resources */ = {isa = PBXBuildFile; fileRef = 2451519B14DACBE80029D699 /* viewport-Prefix.pch */; };
		245151A914DACC860029D699 /* viewport.plist in Resources */ = {isa = PBXBuildFile; fileRef = 2451519C14DACBE80029D699 /* viewport.plist */; };
		245151AB14DACE360029D699 /* viewport.h in Headers */ = {isa = PBXBuildFile; fileRef = 245151AA14DACE360029D699 /* viewport.h */; };
		245151AD14DAEED40029D699 /* color_info.h in Headers */ = {isa = PBXBuildFile; fileRef = 245151AC14DAEED40029D699 /* color_info.h */; };
		245151BF14DB56430029D699 /* value_parsers.cpp in Sources */ = {isa = PBXBuildFile; fileRef = 245151BE14DB56430029D699 /* value_parsers.cpp */; };
		245151D514DC22FC0029D699 /* input_manager.h in Headers */ = {isa = PBXBuildFile; fileRef = 245151D414DC22FC0029D699 /* input_manager.h */; };
		245151D714DC2A300029D699 /* touch.h in Headers */ = {isa = PBXBuildFile; fileRef = 245151D614DC2A300029D699 /* touch.h */; };
		245151D914DDB7D60029D699 /* input_manager.cpp in Sources */ = {isa = PBXBuildFile; fileRef = 245151D814DDB7D60029D699 /* input_manager.cpp */; };
		2467286914D6E34C003AAA04 /* rapidxml_iterators.hpp in Headers */ = {isa = PBXBuildFile; fileRef = 2467286514D6E34C003AAA04 /* rapidxml_iterators.hpp */; };
		2467286A14D6E34C003AAA04 /* rapidxml_print.hpp in Headers */ = {isa = PBXBuildFile; fileRef = 2467286614D6E34C003AAA04 /* rapidxml_print.hpp */; };
		2467286B14D6E34C003AAA04 /* rapidxml_utils.hpp in Headers */ = {isa = PBXBuildFile; fileRef = 2467286714D6E34C003AAA04 /* rapidxml_utils.hpp */; };
		2467286C14D6E34C003AAA04 /* rapidxml.hpp in Headers */ = {isa = PBXBuildFile; fileRef = 2467286814D6E34C003AAA04 /* rapidxml.hpp */; };
		2467286E14D6E3A1003AAA04 /* configuration.h in Headers */ = {isa = PBXBuildFile; fileRef = 2467286D14D6E3A1003AAA04 /* configuration.h */; };
		2467287014D6E444003AAA04 /* configuration.cpp in Sources */ = {isa = PBXBuildFile; fileRef = 2467286F14D6E444003AAA04 /* configuration.cpp */; };
		2467287914D6E4D7003AAA04 /* libx2d.a in Frameworks */ = {isa = PBXBuildFile; fileRef = 241583BD14D0B27E0014F37B /* libx2d.a */; };
		2467287A14D6E4D7003AAA04 /* OpenGLES.framework in Frameworks */ = {isa = PBXBuildFile; fileRef = 24BDCC6914CCC122006F36A1 /* OpenGLES.framework */; };
		2467287B14D6E4D7003AAA04 /* QuartzCore.framework in Frameworks */ = {isa = PBXBuildFile; fileRef = 24BDCC4E14CC6DF2006F36A1 /* QuartzCore.framework */; };
		2467287C14D6E4D7003AAA04 /* CoreGraphics.framework in Frameworks */ = {isa = PBXBuildFile; fileRef = 24BDCC2514CC6300006F36A1 /* CoreGraphics.framework */; };
		2467287D14D6E4D7003AAA04 /* boost.framework in Frameworks */ = {isa = PBXBuildFile; fileRef = 24BDCC4114CC6320006F36A1 /* boost.framework */; };
		2467287E14D6E4D7003AAA04 /* UIKit.framework in Frameworks */ = {isa = PBXBuildFile; fileRef = 24BDCC2114CC6300006F36A1 /* UIKit.framework */; };
		2467287F14D6E4D7003AAA04 /* Foundation.framework in Frameworks */ = {isa = PBXBuildFile; fileRef = 24BDCC2314CC6300006F36A1 /* Foundation.framework */; };
		2467289214D6E5CF003AAA04 /* config.plist in Resources */ = {isa = PBXBuildFile; fileRef = 2467288E14D6E5CF003AAA04 /* config.plist */; };
		2467289314D6E5CF003AAA04 /* InfoPlist.strings in Resources */ = {isa = PBXBuildFile; fileRef = 2467288F14D6E5CF003AAA04 /* InfoPlist.strings */; };
		2467289414D6E5CF003AAA04 /* main.mm in Sources */ = {isa = PBXBuildFile; fileRef = 2467289114D6E5CF003AAA04 /* main.mm */; };
		2467289614D6E60D003AAA04 /* resources.zip in Resources */ = {isa = PBXBuildFile; fileRef = 2467289514D6E60D003AAA04 /* resources.zip */; };
		2467289914D6E617003AAA04 /* custom_obj.cpp in Sources */ = {isa = PBXBuildFile; fileRef = 2467289714D6E617003AAA04 /* custom_obj.cpp */; };
		2467289C14D6E6CD003AAA04 /* AppDelegate.mm in Sources */ = {isa = PBXBuildFile; fileRef = 2467289B14D6E6CD003AAA04 /* AppDelegate.mm */; };
		246728AB14D83E86003AAA04 /* scene.h in Headers */ = {isa = PBXBuildFile; fileRef = 246728AA14D83E86003AAA04 /* scene.h */; };
		246728AD14D84071003AAA04 /* scene.cpp in Sources */ = {isa = PBXBuildFile; fileRef = 246728AC14D84071003AAA04 /* scene.cpp */; };
		246728B214D881CD003AAA04 /* parsers.cpp in Sources */ = {isa = PBXBuildFile; fileRef = 246728B114D881CD003AAA04 /* parsers.cpp */; };
		2467295214D9EA5B003AAA04 /* libx2d.a in Frameworks */ = {isa = PBXBuildFile; fileRef = 241583BD14D0B27E0014F37B /* libx2d.a */; };
		2467295314D9EA5B003AAA04 /* OpenGLES.framework in Frameworks */ = {isa = PBXBuildFile; fileRef = 24BDCC6914CCC122006F36A1 /* OpenGLES.framework */; };
		2467295414D9EA5B003AAA04 /* QuartzCore.framework in Frameworks */ = {isa = PBXBuildFile; fileRef = 24BDCC4E14CC6DF2006F36A1 /* QuartzCore.framework */; };
		2467295514D9EA5B003AAA04 /* CoreGraphics.framework in Frameworks */ = {isa = PBXBuildFile; fileRef = 24BDCC2514CC6300006F36A1 /* CoreGraphics.framework */; };
		2467295614D9EA5B003AAA04 /* boost.framework in Frameworks */ = {isa = PBXBuildFile; fileRef = 24BDCC4114CC6320006F36A1 /* boost.framework */; };
		2467295714D9EA5B003AAA04 /* UIKit.framework in Frameworks */ = {isa = PBXBuildFile; fileRef = 24BDCC2114CC6300006F36A1 /* UIKit.framework */; };
		2467295814D9EA5B003AAA04 /* Foundation.framework in Frameworks */ = {isa = PBXBuildFile; fileRef = 24BDCC2314CC6300006F36A1 /* Foundation.framework */; };
		2467296C14D9EC23003AAA04 /* animation.plist in Resources */ = {isa = PBXBuildFile; fileRef = 2467296A14D9EC23003AAA04 /* animation.plist */; };
		2467296D14D9EC23003AAA04 /* main.mm in Sources */ = {isa = PBXBuildFile; fileRef = 2467296B14D9EC23003AAA04 /* main.mm */; };
		2467297014D9EC50003AAA04 /* InfoPlist.strings in Resources */ = {isa = PBXBuildFile; fileRef = 2467296E14D9EC50003AAA04 /* InfoPlist.strings */; };
		2467297814D9EC62003AAA04 /* AppDelegate.mm in Sources */ = {isa = PBXBuildFile; fileRef = 2467297214D9EC62003AAA04 /* AppDelegate.mm */; };
		2467297914D9EC62003AAA04 /* custom_obj.cpp in Sources */ = {isa = PBXBuildFile; fileRef = 2467297314D9EC62003AAA04 /* custom_obj.cpp */; };
		2467297A14D9EC62003AAA04 /* scene.cpp in Sources */ = {isa = PBXBuildFile; fileRef = 2467297614D9EC62003AAA04 /* scene.cpp */; };
		2467297F14D9F106003AAA04 /* value_support.h in Headers */ = {isa = PBXBuildFile; fileRef = 2467297E14D9F105003AAA04 /* value_support.h */; };
		2467298114D9F215003AAA04 /* object_support.h in Headers */ = {isa = PBXBuildFile; fileRef = 2467298014D9F215003AAA04 /* object_support.h */; };
		2467298314D9F320003AAA04 /* random.cpp in Sources */ = {isa = PBXBuildFile; fileRef = 2467298214D9F320003AAA04 /* random.cpp */; };
		2467298614D9F5C7003AAA04 /* animation.h in Headers */ = {isa = PBXBuildFile; fileRef = 2467298514D9F5C7003AAA04 /* animation.h */; };
		2467298814D9F8BE003AAA04 /* animation.cpp in Sources */ = {isa = PBXBuildFile; fileRef = 2467298714D9F8BE003AAA04 /* animation.cpp */; };
		2467298B14D9FCC7003AAA04 /* resources.zip in Resources */ = {isa = PBXBuildFile; fileRef = 2467297D14D9EF97003AAA04 /* resources.zip */; };
		2467298D14DA9BA0003AAA04 /* exceptions.h in Headers */ = {isa = PBXBuildFile; fileRef = 2467298C14DA9BA0003AAA04 /* exceptions.h */; };
/* End PBXBuildFile section */

/* Begin PBXContainerItemProxy section */
		241583D614D0B3940014F37B /* PBXContainerItemProxy */ = {
			isa = PBXContainerItemProxy;
			containerPortal = 24BDCC1414CC6300006F36A1 /* Project object */;
			proxyType = 1;
			remoteGlobalIDString = 241583BC14D0B27E0014F37B;
			remoteInfo = libx2d;
		};
		2451516F14DACA620029D699 /* PBXContainerItemProxy */ = {
			isa = PBXContainerItemProxy;
			containerPortal = 24BDCC1414CC6300006F36A1 /* Project object */;
			proxyType = 1;
			remoteGlobalIDString = 241583BC14D0B27E0014F37B;
			remoteInfo = libx2d;
		};
		2467287314D6E4D7003AAA04 /* PBXContainerItemProxy */ = {
			isa = PBXContainerItemProxy;
			containerPortal = 24BDCC1414CC6300006F36A1 /* Project object */;
			proxyType = 1;
			remoteGlobalIDString = 241583BC14D0B27E0014F37B;
			remoteInfo = libx2d;
		};
		2467294B14D9EA5B003AAA04 /* PBXContainerItemProxy */ = {
			isa = PBXContainerItemProxy;
			containerPortal = 24BDCC1414CC6300006F36A1 /* Project object */;
			proxyType = 1;
			remoteGlobalIDString = 241583BC14D0B27E0014F37B;
			remoteInfo = libx2d;
		};
/* End PBXContainerItemProxy section */

/* Begin PBXFileReference section */
		2415837F14CDD9380014F37B /* camera.h */ = {isa = PBXFileReference; fileEncoding = 4; lastKnownFileType = sourcecode.c.h; name = camera.h; path = src/base/camera.h; sourceTree = "<group>"; };
		2415838114CDD9DA0014F37B /* math_util.cpp */ = {isa = PBXFileReference; fileEncoding = 4; lastKnownFileType = sourcecode.cpp.cpp; name = math_util.cpp; path = src/util/math_util.cpp; sourceTree = "<group>"; };
		2415838814CE04990014F37B /* texture.h */ = {isa = PBXFileReference; fileEncoding = 4; lastKnownFileType = sourcecode.c.h; name = texture.h; path = src/base/texture.h; sourceTree = "<group>"; };
		2415838914CE09460014F37B /* texture.cpp */ = {isa = PBXFileReference; fileEncoding = 4; lastKnownFileType = sourcecode.cpp.cpp; name = texture.cpp; path = src/base/texture.cpp; sourceTree = "<group>"; };
		241583BD14D0B27E0014F37B /* libx2d.a */ = {isa = PBXFileReference; explicitFileType = archive.ar; includeInIndex = 0; path = libx2d.a; sourceTree = BUILT_PRODUCTS_DIR; };
		241583E714D0B3940014F37B /* x2d_object.app */ = {isa = PBXFileReference; explicitFileType = wrapper.application; includeInIndex = 0; path = x2d_object.app; sourceTree = BUILT_PRODUCTS_DIR; };
		241583EA14D0B4D30014F37B /* AppDelegate.h */ = {isa = PBXFileReference; fileEncoding = 4; lastKnownFileType = sourcecode.c.h; name = AppDelegate.h; path = 01_object/AppDelegate.h; sourceTree = SOURCE_ROOT; };
		241583EB14D0B4D30014F37B /* AppDelegate.mm */ = {isa = PBXFileReference; fileEncoding = 4; lastKnownFileType = sourcecode.cpp.objcpp; name = AppDelegate.mm; path = 01_object/AppDelegate.mm; sourceTree = SOURCE_ROOT; };
		241583EF14D0B4E20014F37B /* en */ = {isa = PBXFileReference; lastKnownFileType = text.plist.strings; name = en; path = InfoPlist.strings; sourceTree = "<group>"; };
		241583F014D0B4E20014F37B /* main.mm */ = {isa = PBXFileReference; fileEncoding = 4; lastKnownFileType = sourcecode.cpp.objcpp; name = main.mm; path = 01_object/main.mm; sourceTree = SOURCE_ROOT; };
		241583F114D0B4E20014F37B /* object-Prefix.pch */ = {isa = PBXFileReference; fileEncoding = 4; lastKnownFileType = sourcecode.c.h; name = "object-Prefix.pch"; path = "01_object/object-Prefix.pch"; sourceTree = SOURCE_ROOT; };
		241583F214D0B4E20014F37B /* object.plist */ = {isa = PBXFileReference; fileEncoding = 4; lastKnownFileType = text.plist.xml; name = object.plist; path = 01_object/object.plist; sourceTree = SOURCE_ROOT; };
		241583FA14D0B6C10014F37B /* custom_obj.cpp */ = {isa = PBXFileReference; fileEncoding = 4; lastKnownFileType = sourcecode.cpp.cpp; name = custom_obj.cpp; path = 01_object/custom_obj.cpp; sourceTree = SOURCE_ROOT; };
		241583FC14D0B6E50014F37B /* custom_obj.h */ = {isa = PBXFileReference; fileEncoding = 4; lastKnownFileType = sourcecode.c.h; name = custom_obj.h; path = 01_object/custom_obj.h; sourceTree = SOURCE_ROOT; };
		2415840714D0CD8A0014F37B /* liverpool.cpp */ = {isa = PBXFileReference; fileEncoding = 4; lastKnownFileType = sourcecode.cpp.cpp; name = liverpool.cpp; path = src/fs/liverpool.cpp; sourceTree = "<group>"; };
		2415840814D0CD8A0014F37B /* liverpool.h */ = {isa = PBXFileReference; fileEncoding = 4; lastKnownFileType = sourcecode.c.h; name = liverpool.h; path = src/fs/liverpool.h; sourceTree = "<group>"; };
		2415840B14D0CE2A0014F37B /* filesystem.h */ = {isa = PBXFileReference; fileEncoding = 4; lastKnownFileType = sourcecode.c.h; name = filesystem.h; path = src/fs/filesystem.h; sourceTree = "<group>"; };
		2415840F14D0D1B70014F37B /* posix_fs.h */ = {isa = PBXFileReference; fileEncoding = 4; lastKnownFileType = sourcecode.c.h; name = posix_fs.h; path = src/fs/posix_fs.h; sourceTree = "<group>"; };
		2415841114D0D5480014F37B /* posix_fs.cpp */ = {isa = PBXFileReference; fileEncoding = 4; lastKnownFileType = sourcecode.cpp.cpp; name = posix_fs.cpp; path = src/fs/posix_fs.cpp; sourceTree = "<group>"; };
		2415841814D0E57F0014F37B /* resources.zip */ = {isa = PBXFileReference; lastKnownFileType = archive.zip; name = resources.zip; path = 01_object/resources.zip; sourceTree = SOURCE_ROOT; };
		2415841A14D2DA900014F37B /* liverpool_manager.h */ = {isa = PBXFileReference; fileEncoding = 4; lastKnownFileType = sourcecode.c.h; name = liverpool_manager.h; path = src/fs/liverpool_manager.h; sourceTree = "<group>"; };
		2415841C14D2DBC20014F37B /* liverpool_manager.cpp */ = {isa = PBXFileReference; fileEncoding = 4; lastKnownFileType = sourcecode.cpp.cpp; name = liverpool_manager.cpp; path = src/fs/liverpool_manager.cpp; sourceTree = "<group>"; };
		2415841F14D2E4860014F37B /* resource_manager.h */ = {isa = PBXFileReference; fileEncoding = 4; lastKnownFileType = sourcecode.c.h; name = resource_manager.h; path = src/resource/resource_manager.h; sourceTree = "<group>"; };
		2415842714D6079A0014F37B /* picopng.h */ = {isa = PBXFileReference; fileEncoding = 4; lastKnownFileType = sourcecode.c.h; name = picopng.h; path = src/util/picopng.h; sourceTree = "<group>"; };
		2415842914D611170014F37B /* sprite.h */ = {isa = PBXFileReference; fileEncoding = 4; lastKnownFileType = sourcecode.c.h; name = sprite.h; path = src/base/sprite.h; sourceTree = "<group>"; };
		2415842B14D613900014F37B /* sprite.cpp */ = {isa = PBXFileReference; fileEncoding = 4; lastKnownFileType = sourcecode.cpp.cpp; name = sprite.cpp; path = src/base/sprite.cpp; sourceTree = "<group>"; };
		244DDD1714DED9C500F4E029 /* object.h */ = {isa = PBXFileReference; fileEncoding = 4; lastKnownFileType = sourcecode.c.h; name = object.h; path = src/base/object.h; sourceTree = "<group>"; };
		244DDD1A14DEDAB400F4E029 /* space.h */ = {isa = PBXFileReference; fileEncoding = 4; lastKnownFileType = sourcecode.c.h; name = space.h; path = src/base/space.h; sourceTree = "<group>"; };
		2451518514DACA620029D699 /* x2d_viewport.app */ = {isa = PBXFileReference; explicitFileType = wrapper.application; includeInIndex = 0; path = x2d_viewport.app; sourceTree = BUILT_PRODUCTS_DIR; };
		2451518E14DACBE80029D699 /* AppDelegate.h */ = {isa = PBXFileReference; fileEncoding = 4; lastKnownFileType = sourcecode.c.h; name = AppDelegate.h; path = 04_viewport/AppDelegate.h; sourceTree = "<group>"; };
		2451518F14DACBE80029D699 /* AppDelegate.mm */ = {isa = PBXFileReference; fileEncoding = 4; lastKnownFileType = sourcecode.cpp.objcpp; name = AppDelegate.mm; path = 04_viewport/AppDelegate.mm; sourceTree = "<group>"; };
		2451519014DACBE80029D699 /* custom_obj.cpp */ = {isa = PBXFileReference; fileEncoding = 4; lastKnownFileType = sourcecode.cpp.cpp; name = custom_obj.cpp; path = 04_viewport/custom_obj.cpp; sourceTree = "<group>"; };
		2451519114DACBE80029D699 /* custom_obj.h */ = {isa = PBXFileReference; fileEncoding = 4; lastKnownFileType = sourcecode.c.h; name = custom_obj.h; path = 04_viewport/custom_obj.h; sourceTree = "<group>"; };
		2451519314DACBE80029D699 /* en */ = {isa = PBXFileReference; lastKnownFileType = text.plist.strings; name = en; path = 04_viewport/en.lproj/InfoPlist.strings; sourceTree = "<group>"; };
		2451519414DACBE80029D699 /* fps_counter.h */ = {isa = PBXFileReference; fileEncoding = 4; lastKnownFileType = sourcecode.c.h; name = fps_counter.h; path = 04_viewport/fps_counter.h; sourceTree = "<group>"; };
		2451519514DACBE80029D699 /* main.mm */ = {isa = PBXFileReference; fileEncoding = 4; lastKnownFileType = sourcecode.cpp.objcpp; name = main.mm; path = 04_viewport/main.mm; sourceTree = "<group>"; };
		2451519714DACBE80029D699 /* anim.png */ = {isa = PBXFileReference; lastKnownFileType = image.png; path = anim.png; sourceTree = "<group>"; };
		2451519814DACBE80029D699 /* main.xml */ = {isa = PBXFileReference; fileEncoding = 4; lastKnownFileType = text.xml; name = main.xml; path = 04_viewport/res/main.xml; sourceTree = "<group>"; };
		2451519914DACBE80029D699 /* scene.cpp */ = {isa = PBXFileReference; fileEncoding = 4; lastKnownFileType = sourcecode.cpp.cpp; name = scene.cpp; path = 04_viewport/scene.cpp; sourceTree = "<group>"; };
		2451519A14DACBE80029D699 /* scene.h */ = {isa = PBXFileReference; fileEncoding = 4; lastKnownFileType = sourcecode.c.h; name = scene.h; path = 04_viewport/scene.h; sourceTree = "<group>"; };
		2451519B14DACBE80029D699 /* viewport-Prefix.pch */ = {isa = PBXFileReference; fileEncoding = 4; lastKnownFileType = sourcecode.c.h; name = "viewport-Prefix.pch"; path = "04_viewport/viewport-Prefix.pch"; sourceTree = "<group>"; };
		2451519C14DACBE80029D699 /* viewport.plist */ = {isa = PBXFileReference; fileEncoding = 4; lastKnownFileType = text.plist.xml; name = viewport.plist; path = 04_viewport/viewport.plist; sourceTree = "<group>"; };
		245151A514DACC740029D699 /* resources.zip */ = {isa = PBXFileReference; lastKnownFileType = archive.zip; name = resources.zip; path = 04_viewport/resources.zip; sourceTree = "<group>"; };
		245151AA14DACE360029D699 /* viewport.h */ = {isa = PBXFileReference; fileEncoding = 4; lastKnownFileType = sourcecode.c.h; name = viewport.h; path = src/base/viewport.h; sourceTree = "<group>"; };
		245151AC14DAEED40029D699 /* color_info.h */ = {isa = PBXFileReference; fileEncoding = 4; lastKnownFileType = sourcecode.c.h; name = color_info.h; path = src/base/color_info.h; sourceTree = "<group>"; };
		245151BC14DB421C0029D699 /* game.h */ = {isa = PBXFileReference; fileEncoding = 4; lastKnownFileType = sourcecode.c.h; name = game.h; path = 04_viewport/game.h; sourceTree = "<group>"; };
		245151BE14DB56430029D699 /* value_parsers.cpp */ = {isa = PBXFileReference; fileEncoding = 4; lastKnownFileType = sourcecode.cpp.cpp; name = value_parsers.cpp; path = src/config/value_parsers.cpp; sourceTree = "<group>"; };
		245151D414DC22FC0029D699 /* input_manager.h */ = {isa = PBXFileReference; fileEncoding = 4; lastKnownFileType = sourcecode.c.h; name = input_manager.h; path = src/input/input_manager.h; sourceTree = "<group>"; };
		245151D614DC2A300029D699 /* touch.h */ = {isa = PBXFileReference; fileEncoding = 4; lastKnownFileType = sourcecode.c.h; name = touch.h; path = src/input/touch.h; sourceTree = "<group>"; };
		245151D814DDB7D60029D699 /* input_manager.cpp */ = {isa = PBXFileReference; fileEncoding = 4; lastKnownFileType = sourcecode.cpp.cpp; name = input_manager.cpp; path = src/input/input_manager.cpp; sourceTree = "<group>"; };
		2467286514D6E34C003AAA04 /* rapidxml_iterators.hpp */ = {isa = PBXFileReference; fileEncoding = 4; lastKnownFileType = sourcecode.cpp.h; name = rapidxml_iterators.hpp; path = libs/rapidxml/rapidxml_iterators.hpp; sourceTree = SOURCE_ROOT; };
		2467286614D6E34C003AAA04 /* rapidxml_print.hpp */ = {isa = PBXFileReference; fileEncoding = 4; lastKnownFileType = sourcecode.cpp.h; name = rapidxml_print.hpp; path = libs/rapidxml/rapidxml_print.hpp; sourceTree = SOURCE_ROOT; };
		2467286714D6E34C003AAA04 /* rapidxml_utils.hpp */ = {isa = PBXFileReference; fileEncoding = 4; lastKnownFileType = sourcecode.cpp.h; name = rapidxml_utils.hpp; path = libs/rapidxml/rapidxml_utils.hpp; sourceTree = SOURCE_ROOT; };
		2467286814D6E34C003AAA04 /* rapidxml.hpp */ = {isa = PBXFileReference; fileEncoding = 4; lastKnownFileType = sourcecode.cpp.h; name = rapidxml.hpp; path = libs/rapidxml/rapidxml.hpp; sourceTree = SOURCE_ROOT; };
		2467286D14D6E3A1003AAA04 /* configuration.h */ = {isa = PBXFileReference; fileEncoding = 4; lastKnownFileType = sourcecode.c.h; name = configuration.h; path = src/config/configuration.h; sourceTree = "<group>"; };
		2467286F14D6E444003AAA04 /* configuration.cpp */ = {isa = PBXFileReference; fileEncoding = 4; lastKnownFileType = sourcecode.cpp.cpp; name = configuration.cpp; path = src/config/configuration.cpp; sourceTree = "<group>"; };
		2467288614D6E4D7003AAA04 /* x2d_config.app */ = {isa = PBXFileReference; explicitFileType = wrapper.application; includeInIndex = 0; path = x2d_config.app; sourceTree = BUILT_PRODUCTS_DIR; };
		2467288D14D6E5CF003AAA04 /* config-Prefix.pch */ = {isa = PBXFileReference; fileEncoding = 4; lastKnownFileType = sourcecode.c.h; name = "config-Prefix.pch"; path = "02_config/config-Prefix.pch"; sourceTree = "<group>"; };
		2467288E14D6E5CF003AAA04 /* config.plist */ = {isa = PBXFileReference; fileEncoding = 4; lastKnownFileType = text.plist.xml; name = config.plist; path = 02_config/config.plist; sourceTree = "<group>"; };
		2467289014D6E5CF003AAA04 /* en */ = {isa = PBXFileReference; lastKnownFileType = text.plist.strings; name = en; path = 02_config/en.lproj/InfoPlist.strings; sourceTree = "<group>"; };
		2467289114D6E5CF003AAA04 /* main.mm */ = {isa = PBXFileReference; fileEncoding = 4; lastKnownFileType = sourcecode.cpp.objcpp; name = main.mm; path = 02_config/main.mm; sourceTree = "<group>"; };
		2467289514D6E60D003AAA04 /* resources.zip */ = {isa = PBXFileReference; lastKnownFileType = archive.zip; name = resources.zip; path = 02_config/resources.zip; sourceTree = "<group>"; };
		2467289714D6E617003AAA04 /* custom_obj.cpp */ = {isa = PBXFileReference; fileEncoding = 4; lastKnownFileType = sourcecode.cpp.cpp; name = custom_obj.cpp; path = 02_config/custom_obj.cpp; sourceTree = "<group>"; };
		2467289814D6E617003AAA04 /* custom_obj.h */ = {isa = PBXFileReference; fileEncoding = 4; lastKnownFileType = sourcecode.c.h; name = custom_obj.h; path = 02_config/custom_obj.h; sourceTree = "<group>"; };
		2467289A14D6E6CD003AAA04 /* AppDelegate.h */ = {isa = PBXFileReference; fileEncoding = 4; lastKnownFileType = sourcecode.c.h; name = AppDelegate.h; path = 02_config/AppDelegate.h; sourceTree = "<group>"; };
		2467289B14D6E6CD003AAA04 /* AppDelegate.mm */ = {isa = PBXFileReference; fileEncoding = 4; lastKnownFileType = sourcecode.cpp.objcpp; name = AppDelegate.mm; path = 02_config/AppDelegate.mm; sourceTree = "<group>"; };
		246728A214D6FA55003AAA04 /* scenary.png */ = {isa = PBXFileReference; lastKnownFileType = image.png; path = scenary.png; sourceTree = "<group>"; };
		246728A314D6FA55003AAA04 /* main.xml */ = {isa = PBXFileReference; fileEncoding = 4; lastKnownFileType = text.xml; name = main.xml; path = 02_config/res/main.xml; sourceTree = "<group>"; };
		246728AA14D83E86003AAA04 /* scene.h */ = {isa = PBXFileReference; fileEncoding = 4; lastKnownFileType = sourcecode.c.h; name = scene.h; path = 02_config/scene.h; sourceTree = "<group>"; };
		246728AC14D84071003AAA04 /* scene.cpp */ = {isa = PBXFileReference; fileEncoding = 4; lastKnownFileType = sourcecode.cpp.cpp; name = scene.cpp; path = 02_config/scene.cpp; sourceTree = "<group>"; };
		246728AE14D841EB003AAA04 /* fps_counter.h */ = {isa = PBXFileReference; fileEncoding = 4; lastKnownFileType = sourcecode.c.h; name = fps_counter.h; path = 02_config/fps_counter.h; sourceTree = "<group>"; };
		246728AF14D87CD0003AAA04 /* other.xml */ = {isa = PBXFileReference; fileEncoding = 4; lastKnownFileType = text.xml; name = other.xml; path = 02_config/res/other.xml; sourceTree = "<group>"; };
		246728B114D881CD003AAA04 /* parsers.cpp */ = {isa = PBXFileReference; fileEncoding = 4; lastKnownFileType = sourcecode.cpp.cpp; name = parsers.cpp; path = src/config/parsers.cpp; sourceTree = "<group>"; };
		2467296114D9EA5B003AAA04 /* x2d_animation.app */ = {isa = PBXFileReference; explicitFileType = wrapper.application; includeInIndex = 0; path = x2d_animation.app; sourceTree = BUILT_PRODUCTS_DIR; };
		2467296914D9EC23003AAA04 /* animation-Prefix.pch */ = {isa = PBXFileReference; fileEncoding = 4; lastKnownFileType = sourcecode.c.h; name = "animation-Prefix.pch"; path = "03_animation/animation-Prefix.pch"; sourceTree = "<group>"; };
		2467296A14D9EC23003AAA04 /* animation.plist */ = {isa = PBXFileReference; fileEncoding = 4; lastKnownFileType = text.plist.xml; name = animation.plist; path = 03_animation/animation.plist; sourceTree = "<group>"; };
		2467296B14D9EC23003AAA04 /* main.mm */ = {isa = PBXFileReference; fileEncoding = 4; lastKnownFileType = sourcecode.cpp.objcpp; name = main.mm; path = 03_animation/main.mm; sourceTree = "<group>"; };
		2467296F14D9EC50003AAA04 /* en */ = {isa = PBXFileReference; lastKnownFileType = text.plist.strings; name = en; path = 03_animation/en.lproj/InfoPlist.strings; sourceTree = "<group>"; };
		2467297114D9EC62003AAA04 /* AppDelegate.h */ = {isa = PBXFileReference; fileEncoding = 4; lastKnownFileType = sourcecode.c.h; name = AppDelegate.h; path = 03_animation/AppDelegate.h; sourceTree = "<group>"; };
		2467297214D9EC62003AAA04 /* AppDelegate.mm */ = {isa = PBXFileReference; fileEncoding = 4; lastKnownFileType = sourcecode.cpp.objcpp; name = AppDelegate.mm; path = 03_animation/AppDelegate.mm; sourceTree = "<group>"; };
		2467297314D9EC62003AAA04 /* custom_obj.cpp */ = {isa = PBXFileReference; fileEncoding = 4; lastKnownFileType = sourcecode.cpp.cpp; name = custom_obj.cpp; path = 03_animation/custom_obj.cpp; sourceTree = "<group>"; };
		2467297414D9EC62003AAA04 /* custom_obj.h */ = {isa = PBXFileReference; fileEncoding = 4; lastKnownFileType = sourcecode.c.h; name = custom_obj.h; path = 03_animation/custom_obj.h; sourceTree = "<group>"; };
		2467297514D9EC62003AAA04 /* fps_counter.h */ = {isa = PBXFileReference; fileEncoding = 4; lastKnownFileType = sourcecode.c.h; name = fps_counter.h; path = 03_animation/fps_counter.h; sourceTree = "<group>"; };
		2467297614D9EC62003AAA04 /* scene.cpp */ = {isa = PBXFileReference; fileEncoding = 4; lastKnownFileType = sourcecode.cpp.cpp; name = scene.cpp; path = 03_animation/scene.cpp; sourceTree = "<group>"; };
		2467297714D9EC62003AAA04 /* scene.h */ = {isa = PBXFileReference; fileEncoding = 4; lastKnownFileType = sourcecode.c.h; name = scene.h; path = 03_animation/scene.h; sourceTree = "<group>"; };
		2467297B14D9ED19003AAA04 /* main.xml */ = {isa = PBXFileReference; lastKnownFileType = text.xml; name = main.xml; path = 03_animation/res/main.xml; sourceTree = "<group>"; };
		2467297D14D9EF97003AAA04 /* resources.zip */ = {isa = PBXFileReference; lastKnownFileType = archive.zip; name = resources.zip; path = 03_animation/resources.zip; sourceTree = "<group>"; };
		2467297E14D9F105003AAA04 /* value_support.h */ = {isa = PBXFileReference; fileEncoding = 4; lastKnownFileType = sourcecode.c.h; name = value_support.h; path = src/config/value_support.h; sourceTree = "<group>"; };
		2467298014D9F215003AAA04 /* object_support.h */ = {isa = PBXFileReference; fileEncoding = 4; lastKnownFileType = sourcecode.c.h; name = object_support.h; path = src/config/object_support.h; sourceTree = "<group>"; };
		2467298214D9F320003AAA04 /* random.cpp */ = {isa = PBXFileReference; fileEncoding = 4; lastKnownFileType = sourcecode.cpp.cpp; name = random.cpp; path = src/config/random.cpp; sourceTree = "<group>"; };
		2467298514D9F5C7003AAA04 /* animation.h */ = {isa = PBXFileReference; fileEncoding = 4; lastKnownFileType = sourcecode.c.h; name = animation.h; path = src/anim/animation.h; sourceTree = "<group>"; };
		2467298714D9F8BE003AAA04 /* animation.cpp */ = {isa = PBXFileReference; fileEncoding = 4; lastKnownFileType = sourcecode.cpp.cpp; name = animation.cpp; path = src/anim/animation.cpp; sourceTree = "<group>"; };
		2467298A14D9FC87003AAA04 /* anim.png */ = {isa = PBXFileReference; lastKnownFileType = image.png; path = anim.png; sourceTree = "<group>"; };
		2467298C14DA9BA0003AAA04 /* exceptions.h */ = {isa = PBXFileReference; fileEncoding = 4; lastKnownFileType = sourcecode.c.h; name = exceptions.h; path = src/base/exceptions.h; sourceTree = "<group>"; };
		24BDCC2114CC6300006F36A1 /* UIKit.framework */ = {isa = PBXFileReference; lastKnownFileType = wrapper.framework; name = UIKit.framework; path = System/Library/Frameworks/UIKit.framework; sourceTree = SDKROOT; };
		24BDCC2314CC6300006F36A1 /* Foundation.framework */ = {isa = PBXFileReference; lastKnownFileType = wrapper.framework; name = Foundation.framework; path = System/Library/Frameworks/Foundation.framework; sourceTree = SDKROOT; };
		24BDCC2514CC6300006F36A1 /* CoreGraphics.framework */ = {isa = PBXFileReference; lastKnownFileType = wrapper.framework; name = CoreGraphics.framework; path = System/Library/Frameworks/CoreGraphics.framework; sourceTree = SDKROOT; };
		24BDCC4114CC6320006F36A1 /* boost.framework */ = {isa = PBXFileReference; lastKnownFileType = wrapper.framework; name = boost.framework; path = System/Library/Frameworks/boost.framework; sourceTree = SDKROOT; };
		24BDCC4514CC63FD006F36A1 /* kernel.cpp */ = {isa = PBXFileReference; fileEncoding = 4; lastKnownFileType = sourcecode.cpp.cpp; name = kernel.cpp; path = src/kernel/kernel.cpp; sourceTree = "<group>"; };
		24BDCC4714CC648D006F36A1 /* kernel.h */ = {isa = PBXFileReference; fileEncoding = 4; lastKnownFileType = sourcecode.c.h; name = kernel.h; path = src/kernel/kernel.h; sourceTree = "<group>"; };
		24BDCC4E14CC6DF2006F36A1 /* QuartzCore.framework */ = {isa = PBXFileReference; lastKnownFileType = wrapper.framework; name = QuartzCore.framework; path = System/Library/Frameworks/QuartzCore.framework; sourceTree = SDKROOT; };
		24BDCC5614CC7A5E006F36A1 /* log.cpp */ = {isa = PBXFileReference; fileEncoding = 4; lastKnownFileType = sourcecode.cpp.cpp; name = log.cpp; path = src/util/log.cpp; sourceTree = "<group>"; };
		24BDCC5714CC7A5E006F36A1 /* log.h */ = {isa = PBXFileReference; fileEncoding = 4; lastKnownFileType = sourcecode.c.h; name = log.h; path = src/util/log.h; sourceTree = "<group>"; };
		24BDCC5914CC7C92006F36A1 /* clock.h */ = {isa = PBXFileReference; fileEncoding = 4; lastKnownFileType = sourcecode.c.h; name = clock.h; path = src/kernel/clock.h; sourceTree = "<group>"; };
		24BDCC5A14CC7C92006F36A1 /* timer.cpp */ = {isa = PBXFileReference; fileEncoding = 4; lastKnownFileType = sourcecode.cpp.cpp; name = timer.cpp; path = src/kernel/timer.cpp; sourceTree = "<group>"; };
		24BDCC5B14CC7C92006F36A1 /* timer.h */ = {isa = PBXFileReference; fileEncoding = 4; lastKnownFileType = sourcecode.c.h; name = timer.h; path = src/kernel/timer.h; sourceTree = "<group>"; };
		24BDCC5E14CC7E56006F36A1 /* base_object.h */ = {isa = PBXFileReference; fileEncoding = 4; lastKnownFileType = sourcecode.c.h; name = base_object.h; path = src/base/base_object.h; sourceTree = "<group>"; };
		24BDCC5F14CC8623006F36A1 /* clock.cpp */ = {isa = PBXFileReference; fileEncoding = 4; lastKnownFileType = sourcecode.cpp.cpp; name = clock.cpp; path = src/kernel/clock.cpp; sourceTree = "<group>"; };
		24BDCC6114CC86BD006F36A1 /* platform.mm */ = {isa = PBXFileReference; fileEncoding = 4; lastKnownFileType = sourcecode.cpp.objcpp; name = platform.mm; path = src/platform.mm; sourceTree = "<group>"; };
		24BDCC6314CC8737006F36A1 /* platform.h */ = {isa = PBXFileReference; fileEncoding = 4; lastKnownFileType = sourcecode.c.h; name = platform.h; path = src/platform.h; sourceTree = "<group>"; };
		24BDCC6414CC966A006F36A1 /* compare.h */ = {isa = PBXFileReference; fileEncoding = 4; lastKnownFileType = sourcecode.c.h; name = compare.h; path = src/util/compare.h; sourceTree = "<group>"; };
		24BDCC6614CCC006006F36A1 /* EAGLView.h */ = {isa = PBXFileReference; fileEncoding = 4; lastKnownFileType = sourcecode.c.h; name = EAGLView.h; path = src/gl/EAGLView.h; sourceTree = "<group>"; };
		24BDCC6714CCC006006F36A1 /* EAGLView.mm */ = {isa = PBXFileReference; fileEncoding = 4; lastKnownFileType = sourcecode.cpp.objcpp; name = EAGLView.mm; path = src/gl/EAGLView.mm; sourceTree = "<group>"; };
		24BDCC6914CCC122006F36A1 /* OpenGLES.framework */ = {isa = PBXFileReference; lastKnownFileType = wrapper.framework; name = OpenGLES.framework; path = System/Library/Frameworks/OpenGLES.framework; sourceTree = SDKROOT; };
		24BDCC6B14CCC797006F36A1 /* graphics_engine.h */ = {isa = PBXFileReference; fileEncoding = 4; lastKnownFileType = sourcecode.c.h; name = graphics_engine.h; path = src/gl/graphics_engine.h; sourceTree = "<group>"; };
		24BDCC7214CCC87D006F36A1 /* graphics_engine.cpp */ = {isa = PBXFileReference; fileEncoding = 4; lastKnownFileType = sourcecode.cpp.cpp; name = graphics_engine.cpp; path = src/gl/graphics_engine.cpp; sourceTree = "<group>"; };
		24BDCC7414CCCE0A006F36A1 /* objc_callback.h */ = {isa = PBXFileReference; fileEncoding = 4; lastKnownFileType = sourcecode.c.h; name = objc_callback.h; path = src/util/objc_callback.h; sourceTree = "<group>"; };
		24BDCC9D14CCF90C006F36A1 /* OpenGL.framework */ = {isa = PBXFileReference; lastKnownFileType = wrapper.framework; name = OpenGL.framework; path = SDKs/MacOSX10.7.sdk/System/Library/Frameworks/OpenGL.framework; sourceTree = DEVELOPER_DIR; };
		24BDCC9F14CCF918006F36A1 /* QuartzCore.framework */ = {isa = PBXFileReference; lastKnownFileType = wrapper.framework; name = QuartzCore.framework; path = SDKs/MacOSX10.7.sdk/System/Library/Frameworks/QuartzCore.framework; sourceTree = DEVELOPER_DIR; };
		24BDCCA214CD0011006F36A1 /* libboost_signals.dylib */ = {isa = PBXFileReference; lastKnownFileType = "compiled.mach-o.dylib"; name = libboost_signals.dylib; path = SDKs/MacOSX10.7.sdk/usr/local/lib/libboost_signals.dylib; sourceTree = DEVELOPER_DIR; };
		24BDCCA414CDB365006F36A1 /* interpolator.h */ = {isa = PBXFileReference; fileEncoding = 4; lastKnownFileType = sourcecode.c.h; name = interpolator.h; path = src/util/interpolator.h; sourceTree = "<group>"; };
		24BDCCA514CDB68F006F36A1 /* math_util.h */ = {isa = PBXFileReference; fileEncoding = 4; lastKnownFileType = sourcecode.c.h; name = math_util.h; path = src/util/math_util.h; sourceTree = "<group>"; };
/* End PBXFileReference section */

/* Begin PBXFrameworksBuildPhase section */
		241583BA14D0B27E0014F37B /* Frameworks */ = {
			isa = PBXFrameworksBuildPhase;
			buildActionMask = 2147483647;
			files = (
				241583BE14D0B27E0014F37B /* Foundation.framework in Frameworks */,
			);
			runOnlyForDeploymentPostprocessing = 0;
		};
		241583DA14D0B3940014F37B /* Frameworks */ = {
			isa = PBXFrameworksBuildPhase;
			buildActionMask = 2147483647;
			files = (
				241583DB14D0B3940014F37B /* libx2d.a in Frameworks */,
				241583DC14D0B3940014F37B /* OpenGLES.framework in Frameworks */,
				241583DD14D0B3940014F37B /* QuartzCore.framework in Frameworks */,
				241583DE14D0B3940014F37B /* CoreGraphics.framework in Frameworks */,
				241583DF14D0B3940014F37B /* boost.framework in Frameworks */,
				241583E014D0B3940014F37B /* UIKit.framework in Frameworks */,
				241583E114D0B3940014F37B /* Foundation.framework in Frameworks */,
			);
			runOnlyForDeploymentPostprocessing = 0;
		};
		2451517514DACA620029D699 /* Frameworks */ = {
			isa = PBXFrameworksBuildPhase;
			buildActionMask = 2147483647;
			files = (
				2451517614DACA620029D699 /* libx2d.a in Frameworks */,
				2451517714DACA620029D699 /* OpenGLES.framework in Frameworks */,
				2451517814DACA620029D699 /* QuartzCore.framework in Frameworks */,
				2451517914DACA620029D699 /* CoreGraphics.framework in Frameworks */,
				2451517A14DACA620029D699 /* boost.framework in Frameworks */,
				2451517B14DACA620029D699 /* UIKit.framework in Frameworks */,
				2451517C14DACA620029D699 /* Foundation.framework in Frameworks */,
			);
			runOnlyForDeploymentPostprocessing = 0;
		};
		2467287814D6E4D7003AAA04 /* Frameworks */ = {
			isa = PBXFrameworksBuildPhase;
			buildActionMask = 2147483647;
			files = (
				2467287914D6E4D7003AAA04 /* libx2d.a in Frameworks */,
				2467287A14D6E4D7003AAA04 /* OpenGLES.framework in Frameworks */,
				2467287B14D6E4D7003AAA04 /* QuartzCore.framework in Frameworks */,
				2467287C14D6E4D7003AAA04 /* CoreGraphics.framework in Frameworks */,
				2467287D14D6E4D7003AAA04 /* boost.framework in Frameworks */,
				2467287E14D6E4D7003AAA04 /* UIKit.framework in Frameworks */,
				2467287F14D6E4D7003AAA04 /* Foundation.framework in Frameworks */,
			);
			runOnlyForDeploymentPostprocessing = 0;
		};
		2467295114D9EA5B003AAA04 /* Frameworks */ = {
			isa = PBXFrameworksBuildPhase;
			buildActionMask = 2147483647;
			files = (
				2467295214D9EA5B003AAA04 /* libx2d.a in Frameworks */,
				2467295314D9EA5B003AAA04 /* OpenGLES.framework in Frameworks */,
				2467295414D9EA5B003AAA04 /* QuartzCore.framework in Frameworks */,
				2467295514D9EA5B003AAA04 /* CoreGraphics.framework in Frameworks */,
				2467295614D9EA5B003AAA04 /* boost.framework in Frameworks */,
				2467295714D9EA5B003AAA04 /* UIKit.framework in Frameworks */,
				2467295814D9EA5B003AAA04 /* Foundation.framework in Frameworks */,
			);
			runOnlyForDeploymentPostprocessing = 0;
		};
/* End PBXFrameworksBuildPhase section */

/* Begin PBXGroup section */
		241583F914D0B67C0014F37B /* objects */ = {
			isa = PBXGroup;
			children = (
				241583FA14D0B6C10014F37B /* custom_obj.cpp */,
				241583FC14D0B6E50014F37B /* custom_obj.h */,
			);
			name = objects;
			sourceTree = "<group>";
		};
		2415840314D0C63C0014F37B /* fs */ = {
			isa = PBXGroup;
			children = (
				2415840714D0CD8A0014F37B /* liverpool.cpp */,
				2415840814D0CD8A0014F37B /* liverpool.h */,
				2415840B14D0CE2A0014F37B /* filesystem.h */,
				2415840F14D0D1B70014F37B /* posix_fs.h */,
				2415841114D0D5480014F37B /* posix_fs.cpp */,
				2415841A14D2DA900014F37B /* liverpool_manager.h */,
				2415841C14D2DBC20014F37B /* liverpool_manager.cpp */,
			);
			name = fs;
			sourceTree = "<group>";
		};
		2415841314D0D8B50014F37B /* resources */ = {
			isa = PBXGroup;
			children = (
				2415841814D0E57F0014F37B /* resources.zip */,
			);
			name = resources;
			sourceTree = "<group>";
		};
		2415841E14D2E4510014F37B /* resource */ = {
			isa = PBXGroup;
			children = (
				2415841F14D2E4860014F37B /* resource_manager.h */,
			);
			name = resource;
			sourceTree = "<group>";
		};
		2451518914DACAF10029D699 /* 04_viewport */ = {
			isa = PBXGroup;
			children = (
				2451518E14DACBE80029D699 /* AppDelegate.h */,
				2451518F14DACBE80029D699 /* AppDelegate.mm */,
				245151BC14DB421C0029D699 /* game.h */,
				2451518D14DACB1F0029D699 /* resources */,
				2451518C14DACB150029D699 /* objects */,
				2451518B14DACB0B0029D699 /* Supporting Files */,
				2451518A14DACB000029D699 /* generated */,
			);
			name = 04_viewport;
			sourceTree = "<group>";
		};
		2451518A14DACB000029D699 /* generated */ = {
			isa = PBXGroup;
			children = (
				245151A514DACC740029D699 /* resources.zip */,
			);
			name = generated;
			sourceTree = "<group>";
		};
		2451518B14DACB0B0029D699 /* Supporting Files */ = {
			isa = PBXGroup;
			children = (
				2451519214DACBE80029D699 /* InfoPlist.strings */,
				2451519514DACBE80029D699 /* main.mm */,
				2451519B14DACBE80029D699 /* viewport-Prefix.pch */,
				2451519C14DACBE80029D699 /* viewport.plist */,
			);
			name = "Supporting Files";
			sourceTree = "<group>";
		};
		2451518C14DACB150029D699 /* objects */ = {
			isa = PBXGroup;
			children = (
				2451519014DACBE80029D699 /* custom_obj.cpp */,
				2451519114DACBE80029D699 /* custom_obj.h */,
				2451519914DACBE80029D699 /* scene.cpp */,
				2451519A14DACBE80029D699 /* scene.h */,
				2451519414DACBE80029D699 /* fps_counter.h */,
			);
			name = objects;
			sourceTree = "<group>";
		};
		2451518D14DACB1F0029D699 /* resources */ = {
			isa = PBXGroup;
			children = (
				2451519814DACBE80029D699 /* main.xml */,
				2451519614DACBE80029D699 /* graphics */,
			);
			name = resources;
			sourceTree = "<group>";
		};
		2451519614DACBE80029D699 /* graphics */ = {
			isa = PBXGroup;
			children = (
				2451519714DACBE80029D699 /* anim.png */,
			);
			name = graphics;
			path = 04_viewport/res/graphics;
			sourceTree = "<group>";
		};
		245151D214DC22C20029D699 /* input */ = {
			isa = PBXGroup;
			children = (
				245151D414DC22FC0029D699 /* input_manager.h */,
				245151D814DDB7D60029D699 /* input_manager.cpp */,
				245151D614DC2A300029D699 /* touch.h */,
			);
			name = input;
			sourceTree = "<group>";
		};
		2467285314D6E232003AAA04 /* config */ = {
			isa = PBXGroup;
			children = (
				2467286D14D6E3A1003AAA04 /* configuration.h */,
				2467286F14D6E444003AAA04 /* configuration.cpp */,
				2467297E14D9F105003AAA04 /* value_support.h */,
				2467298014D9F215003AAA04 /* object_support.h */,
				2467298214D9F320003AAA04 /* random.cpp */,
				246728B114D881CD003AAA04 /* parsers.cpp */,
				245151BE14DB56430029D699 /* value_parsers.cpp */,
			);
			name = config;
			sourceTree = "<group>";
		};
		2467286414D6E30D003AAA04 /* rapidxml */ = {
			isa = PBXGroup;
			children = (
				2467286514D6E34C003AAA04 /* rapidxml_iterators.hpp */,
				2467286614D6E34C003AAA04 /* rapidxml_print.hpp */,
				2467286714D6E34C003AAA04 /* rapidxml_utils.hpp */,
				2467286814D6E34C003AAA04 /* rapidxml.hpp */,
			);
			name = rapidxml;
			sourceTree = "<group>";
		};
		2467288914D6E574003AAA04 /* 02_config */ = {
			isa = PBXGroup;
			children = (
				2467289A14D6E6CD003AAA04 /* AppDelegate.h */,
				2467289B14D6E6CD003AAA04 /* AppDelegate.mm */,
				2467288A14D6E587003AAA04 /* resources */,
				2467288B14D6E596003AAA04 /* objects */,
				2467288C14D6E5AC003AAA04 /* Supporting Files */,
				246728A714D6FBB9003AAA04 /* generated */,
			);
			name = 02_config;
			sourceTree = "<group>";
		};
		2467288A14D6E587003AAA04 /* resources */ = {
			isa = PBXGroup;
			children = (
				246728A114D6FA55003AAA04 /* graphics */,
				246728A314D6FA55003AAA04 /* main.xml */,
				246728AF14D87CD0003AAA04 /* other.xml */,
			);
			name = resources;
			sourceTree = "<group>";
		};
		2467288B14D6E596003AAA04 /* objects */ = {
			isa = PBXGroup;
			children = (
				2467289714D6E617003AAA04 /* custom_obj.cpp */,
				2467289814D6E617003AAA04 /* custom_obj.h */,
				246728AA14D83E86003AAA04 /* scene.h */,
				246728AC14D84071003AAA04 /* scene.cpp */,
				246728AE14D841EB003AAA04 /* fps_counter.h */,
			);
			name = objects;
			sourceTree = "<group>";
		};
		2467288C14D6E5AC003AAA04 /* Supporting Files */ = {
			isa = PBXGroup;
			children = (
				2467288D14D6E5CF003AAA04 /* config-Prefix.pch */,
				2467288E14D6E5CF003AAA04 /* config.plist */,
				2467288F14D6E5CF003AAA04 /* InfoPlist.strings */,
				2467289114D6E5CF003AAA04 /* main.mm */,
			);
			name = "Supporting Files";
			sourceTree = "<group>";
		};
		246728A114D6FA55003AAA04 /* graphics */ = {
			isa = PBXGroup;
			children = (
				246728A214D6FA55003AAA04 /* scenary.png */,
			);
			name = graphics;
			path = 02_config/res/graphics;
			sourceTree = "<group>";
		};
		246728A714D6FBB9003AAA04 /* generated */ = {
			isa = PBXGroup;
			children = (
				2467289514D6E60D003AAA04 /* resources.zip */,
			);
			name = generated;
			sourceTree = "<group>";
		};
		2467296414D9EB95003AAA04 /* 03_animation */ = {
			isa = PBXGroup;
			children = (
				2467297114D9EC62003AAA04 /* AppDelegate.h */,
				2467297214D9EC62003AAA04 /* AppDelegate.mm */,
				2467296514D9EBB0003AAA04 /* resources */,
				2467296614D9EBBF003AAA04 /* objects */,
				2467296814D9EBD6003AAA04 /* Supporting Files */,
				2467296714D9EBCC003AAA04 /* generated */,
			);
			name = 03_animation;
			sourceTree = "<group>";
		};
		2467296514D9EBB0003AAA04 /* resources */ = {
			isa = PBXGroup;
			children = (
				2467298914D9FC87003AAA04 /* graphics */,
				2467297B14D9ED19003AAA04 /* main.xml */,
			);
			name = resources;
			sourceTree = "<group>";
		};
		2467296614D9EBBF003AAA04 /* objects */ = {
			isa = PBXGroup;
			children = (
				2467297314D9EC62003AAA04 /* custom_obj.cpp */,
				2467297414D9EC62003AAA04 /* custom_obj.h */,
				2467297514D9EC62003AAA04 /* fps_counter.h */,
				2467297614D9EC62003AAA04 /* scene.cpp */,
				2467297714D9EC62003AAA04 /* scene.h */,
			);
			name = objects;
			sourceTree = "<group>";
		};
		2467296714D9EBCC003AAA04 /* generated */ = {
			isa = PBXGroup;
			children = (
				2467297D14D9EF97003AAA04 /* resources.zip */,
			);
			name = generated;
			sourceTree = "<group>";
		};
		2467296814D9EBD6003AAA04 /* Supporting Files */ = {
			isa = PBXGroup;
			children = (
				2467296E14D9EC50003AAA04 /* InfoPlist.strings */,
				2467296914D9EC23003AAA04 /* animation-Prefix.pch */,
				2467296A14D9EC23003AAA04 /* animation.plist */,
				2467296B14D9EC23003AAA04 /* main.mm */,
			);
			name = "Supporting Files";
			sourceTree = "<group>";
		};
		2467298414D9F5B0003AAA04 /* anim */ = {
			isa = PBXGroup;
			children = (
				2467298514D9F5C7003AAA04 /* animation.h */,
				2467298714D9F8BE003AAA04 /* animation.cpp */,
			);
			name = anim;
			sourceTree = "<group>";
		};
		2467298914D9FC87003AAA04 /* graphics */ = {
			isa = PBXGroup;
			children = (
				2467298A14D9FC87003AAA04 /* anim.png */,
			);
			name = graphics;
			path = 03_animation/res/graphics;
			sourceTree = "<group>";
		};
		24BDCC1214CC6300006F36A1 = {
			isa = PBXGroup;
			children = (
				24BDCCA114CCF942006F36A1 /* 01_object */,
				2467288914D6E574003AAA04 /* 02_config */,
				2467296414D9EB95003AAA04 /* 03_animation */,
				2451518914DACAF10029D699 /* 04_viewport */,
				24BDCC2714CC6300006F36A1 /* x2d */,
				24BDCC2014CC6300006F36A1 /* Frameworks */,
				24BDCC1E14CC6300006F36A1 /* Products */,
			);
			sourceTree = "<group>";
		};
		24BDCC1E14CC6300006F36A1 /* Products */ = {
			isa = PBXGroup;
			children = (
				241583BD14D0B27E0014F37B /* libx2d.a */,
				241583E714D0B3940014F37B /* x2d_object.app */,
				2467288614D6E4D7003AAA04 /* x2d_config.app */,
				2467296114D9EA5B003AAA04 /* x2d_animation.app */,
				2451518514DACA620029D699 /* x2d_viewport.app */,
			);
			name = Products;
			sourceTree = "<group>";
		};
		24BDCC2014CC6300006F36A1 /* Frameworks */ = {
			isa = PBXGroup;
			children = (
				24BDCCA214CD0011006F36A1 /* libboost_signals.dylib */,
				24BDCC9F14CCF918006F36A1 /* QuartzCore.framework */,
				24BDCC9D14CCF90C006F36A1 /* OpenGL.framework */,
				24BDCC6914CCC122006F36A1 /* OpenGLES.framework */,
				24BDCC4E14CC6DF2006F36A1 /* QuartzCore.framework */,
				24BDCC4114CC6320006F36A1 /* boost.framework */,
				24BDCC2114CC6300006F36A1 /* UIKit.framework */,
				24BDCC2314CC6300006F36A1 /* Foundation.framework */,
				24BDCC2514CC6300006F36A1 /* CoreGraphics.framework */,
			);
			name = Frameworks;
			sourceTree = "<group>";
		};
		24BDCC2714CC6300006F36A1 /* x2d */ = {
			isa = PBXGroup;
			children = (
				2467286414D6E30D003AAA04 /* rapidxml */,
				24BDCC4314CC63B5006F36A1 /* x2d */,
				24BDCC6114CC86BD006F36A1 /* platform.mm */,
				24BDCC6314CC8737006F36A1 /* platform.h */,
			);
			path = x2d;
			sourceTree = "<group>";
		};
		24BDCC2814CC6300006F36A1 /* Supporting Files */ = {
			isa = PBXGroup;
			children = (
				241583EE14D0B4E20014F37B /* InfoPlist.strings */,
				241583F014D0B4E20014F37B /* main.mm */,
				241583F114D0B4E20014F37B /* object-Prefix.pch */,
				241583F214D0B4E20014F37B /* object.plist */,
			);
			name = "Supporting Files";
			sourceTree = "<group>";
		};
		24BDCC4314CC63B5006F36A1 /* x2d */ = {
			isa = PBXGroup;
			children = (
				245151D214DC22C20029D699 /* input */,
				2467298414D9F5B0003AAA04 /* anim */,
				2467285314D6E232003AAA04 /* config */,
				2415841E14D2E4510014F37B /* resource */,
				2415840314D0C63C0014F37B /* fs */,
				24BDCC6514CCBFEF006F36A1 /* gl */,
				24BDCC5D14CC7E2B006F36A1 /* base */,
				24BDCC4414CC63C1006F36A1 /* kernel */,
				24BDCC5514CC7A23006F36A1 /* util */,
			);
			name = x2d;
			sourceTree = "<group>";
		};
		24BDCC4414CC63C1006F36A1 /* kernel */ = {
			isa = PBXGroup;
			children = (
				24BDCC5F14CC8623006F36A1 /* clock.cpp */,
				24BDCC5914CC7C92006F36A1 /* clock.h */,
				24BDCC5A14CC7C92006F36A1 /* timer.cpp */,
				24BDCC5B14CC7C92006F36A1 /* timer.h */,
				24BDCC4514CC63FD006F36A1 /* kernel.cpp */,
				24BDCC4714CC648D006F36A1 /* kernel.h */,
			);
			name = kernel;
			sourceTree = "<group>";
		};
		24BDCC5514CC7A23006F36A1 /* util */ = {
			isa = PBXGroup;
			children = (
				2415842714D6079A0014F37B /* picopng.h */,
				24BDCC7414CCCE0A006F36A1 /* objc_callback.h */,
				24BDCC6414CC966A006F36A1 /* compare.h */,
				24BDCC5614CC7A5E006F36A1 /* log.cpp */,
				24BDCC5714CC7A5E006F36A1 /* log.h */,
				24BDCCA414CDB365006F36A1 /* interpolator.h */,
				2415838114CDD9DA0014F37B /* math_util.cpp */,
				24BDCCA514CDB68F006F36A1 /* math_util.h */,
			);
			name = util;
			sourceTree = "<group>";
		};
		24BDCC5D14CC7E2B006F36A1 /* base */ = {
			isa = PBXGroup;
			children = (
				2467298C14DA9BA0003AAA04 /* exceptions.h */,
				2415838914CE09460014F37B /* texture.cpp */,
				2415838814CE04990014F37B /* texture.h */,
				2415842914D611170014F37B /* sprite.h */,
				2415842B14D613900014F37B /* sprite.cpp */,
				2415837F14CDD9380014F37B /* camera.h */,
				245151AA14DACE360029D699 /* viewport.h */,
				245151AC14DAEED40029D699 /* color_info.h */,
				24BDCC5E14CC7E56006F36A1 /* base_object.h */,
				244DDD1714DED9C500F4E029 /* object.h */,
				244DDD1A14DEDAB400F4E029 /* space.h */,
			);
			name = base;
			sourceTree = "<group>";
		};
		24BDCC6514CCBFEF006F36A1 /* gl */ = {
			isa = PBXGroup;
			children = (
				24BDCC6614CCC006006F36A1 /* EAGLView.h */,
				24BDCC6714CCC006006F36A1 /* EAGLView.mm */,
				24BDCC6B14CCC797006F36A1 /* graphics_engine.h */,
				24BDCC7214CCC87D006F36A1 /* graphics_engine.cpp */,
			);
			name = gl;
			sourceTree = "<group>";
		};
		24BDCCA114CCF942006F36A1 /* 01_object */ = {
			isa = PBXGroup;
			children = (
				241583EA14D0B4D30014F37B /* AppDelegate.h */,
				241583EB14D0B4D30014F37B /* AppDelegate.mm */,
				2415841314D0D8B50014F37B /* resources */,
				241583F914D0B67C0014F37B /* objects */,
				24BDCC2814CC6300006F36A1 /* Supporting Files */,
			);
			name = 01_object;
			path = x2d;
			sourceTree = "<group>";
		};
/* End PBXGroup section */

/* Begin PBXHeadersBuildPhase section */
		241583BB14D0B27E0014F37B /* Headers */ = {
			isa = PBXHeadersBuildPhase;
			buildActionMask = 2147483647;
			files = (
				2415840A14D0CD8A0014F37B /* liverpool.h in Headers */,
				2415840C14D0CE2A0014F37B /* filesystem.h in Headers */,
				2415841014D0D1B70014F37B /* posix_fs.h in Headers */,
				2415841B14D2DA900014F37B /* liverpool_manager.h in Headers */,
				2415842014D2E4860014F37B /* resource_manager.h in Headers */,
				2415842814D6079A0014F37B /* picopng.h in Headers */,
				2415842A14D611170014F37B /* sprite.h in Headers */,
				2467286914D6E34C003AAA04 /* rapidxml_iterators.hpp in Headers */,
				2467286A14D6E34C003AAA04 /* rapidxml_print.hpp in Headers */,
				2467286B14D6E34C003AAA04 /* rapidxml_utils.hpp in Headers */,
				2467286C14D6E34C003AAA04 /* rapidxml.hpp in Headers */,
				2467286E14D6E3A1003AAA04 /* configuration.h in Headers */,
				246728AB14D83E86003AAA04 /* scene.h in Headers */,
				2467297F14D9F106003AAA04 /* value_support.h in Headers */,
				2467298114D9F215003AAA04 /* object_support.h in Headers */,
				2467298614D9F5C7003AAA04 /* animation.h in Headers */,
				2467298D14DA9BA0003AAA04 /* exceptions.h in Headers */,
				245151AB14DACE360029D699 /* viewport.h in Headers */,
				245151AD14DAEED40029D699 /* color_info.h in Headers */,
				245151D514DC22FC0029D699 /* input_manager.h in Headers */,
				245151D714DC2A300029D699 /* touch.h in Headers */,
				244DDD1814DED9C500F4E029 /* object.h in Headers */,
				244DDD1B14DEDAB400F4E029 /* space.h in Headers */,
			);
			runOnlyForDeploymentPostprocessing = 0;
		};
/* End PBXHeadersBuildPhase section */

/* Begin PBXNativeTarget section */
		241583BC14D0B27E0014F37B /* libx2d */ = {
			isa = PBXNativeTarget;
			buildConfigurationList = 241583C514D0B27E0014F37B /* Build configuration list for PBXNativeTarget "libx2d" */;
			buildPhases = (
				241583B914D0B27E0014F37B /* Sources */,
				241583BA14D0B27E0014F37B /* Frameworks */,
				241583BB14D0B27E0014F37B /* Headers */,
			);
			buildRules = (
			);
			dependencies = (
			);
			name = libx2d;
			productName = libx2d;
			productReference = 241583BD14D0B27E0014F37B /* libx2d.a */;
			productType = "com.apple.product-type.library.static";
		};
		241583D414D0B3940014F37B /* 01_object */ = {
			isa = PBXNativeTarget;
			buildConfigurationList = 241583E414D0B3940014F37B /* Build configuration list for PBXNativeTarget "01_object" */;
			buildPhases = (
				241583D714D0B3940014F37B /* Sources */,
				241583DA14D0B3940014F37B /* Frameworks */,
				241583E214D0B3940014F37B /* Resources */,
			);
			buildRules = (
			);
			dependencies = (
				241583D514D0B3940014F37B /* PBXTargetDependency */,
			);
			name = 01_object;
			productName = x2d;
			productReference = 241583E714D0B3940014F37B /* x2d_object.app */;
			productType = "com.apple.product-type.application";
		};
		2451516D14DACA620029D699 /* 04_viewport */ = {
			isa = PBXNativeTarget;
			buildConfigurationList = 2451518214DACA620029D699 /* Build configuration list for PBXNativeTarget "04_viewport" */;
			buildPhases = (
				2451517014DACA620029D699 /* Sources */,
				2451517514DACA620029D699 /* Frameworks */,
				2451517D14DACA620029D699 /* ShellScript */,
				2451517E14DACA620029D699 /* Resources */,
			);
			buildRules = (
			);
			dependencies = (
				2451516E14DACA620029D699 /* PBXTargetDependency */,
			);
			name = 04_viewport;
			productName = x2d;
			productReference = 2451518514DACA620029D699 /* x2d_viewport.app */;
			productType = "com.apple.product-type.application";
		};
		2467287114D6E4D7003AAA04 /* 02_config */ = {
			isa = PBXNativeTarget;
			buildConfigurationList = 2467288314D6E4D7003AAA04 /* Build configuration list for PBXNativeTarget "02_config" */;
			buildPhases = (
				2467287414D6E4D7003AAA04 /* Sources */,
				2467287814D6E4D7003AAA04 /* Frameworks */,
				246728A614D6FA6F003AAA04 /* ShellScript */,
				2467288014D6E4D7003AAA04 /* Resources */,
			);
			buildRules = (
			);
			dependencies = (
				2467287214D6E4D7003AAA04 /* PBXTargetDependency */,
			);
			name = 02_config;
			productName = x2d;
			productReference = 2467288614D6E4D7003AAA04 /* x2d_config.app */;
			productType = "com.apple.product-type.application";
		};
		2467294914D9EA5B003AAA04 /* 03_animation */ = {
			isa = PBXNativeTarget;
			buildConfigurationList = 2467295E14D9EA5B003AAA04 /* Build configuration list for PBXNativeTarget "03_animation" */;
			buildPhases = (
				2467294C14D9EA5B003AAA04 /* Sources */,
				2467295114D9EA5B003AAA04 /* Frameworks */,
				2467295914D9EA5B003AAA04 /* ShellScript */,
				2467295A14D9EA5B003AAA04 /* Resources */,
			);
			buildRules = (
			);
			dependencies = (
				2467294A14D9EA5B003AAA04 /* PBXTargetDependency */,
			);
			name = 03_animation;
			productName = x2d;
			productReference = 2467296114D9EA5B003AAA04 /* x2d_animation.app */;
			productType = "com.apple.product-type.application";
		};
/* End PBXNativeTarget section */

/* Begin PBXProject section */
		24BDCC1414CC6300006F36A1 /* Project object */ = {
			isa = PBXProject;
			attributes = {
				LastUpgradeCheck = 0420;
			};
			buildConfigurationList = 24BDCC1714CC6300006F36A1 /* Build configuration list for PBXProject "x2d" */;
			compatibilityVersion = "Xcode 3.2";
			developmentRegion = English;
			hasScannedForEncodings = 0;
			knownRegions = (
				en,
			);
			mainGroup = 24BDCC1214CC6300006F36A1;
			productRefGroup = 24BDCC1E14CC6300006F36A1 /* Products */;
			projectDirPath = "";
			projectRoot = "";
			targets = (
				241583BC14D0B27E0014F37B /* libx2d */,
				241583D414D0B3940014F37B /* 01_object */,
				2467287114D6E4D7003AAA04 /* 02_config */,
				2467294914D9EA5B003AAA04 /* 03_animation */,
				2451516D14DACA620029D699 /* 04_viewport */,
			);
		};
/* End PBXProject section */

/* Begin PBXResourcesBuildPhase section */
		241583E214D0B3940014F37B /* Resources */ = {
			isa = PBXResourcesBuildPhase;
			buildActionMask = 2147483647;
			files = (
				241583F814D0B5770014F37B /* InfoPlist.strings in Resources */,
				2415841914D0E57F0014F37B /* resources.zip in Resources */,
			);
			runOnlyForDeploymentPostprocessing = 0;
		};
		2451517E14DACA620029D699 /* Resources */ = {
			isa = PBXResourcesBuildPhase;
			buildActionMask = 2147483647;
			files = (
				245151A714DACC860029D699 /* InfoPlist.strings in Resources */,
				245151A814DACC860029D699 /* viewport-Prefix.pch in Resources */,
				245151A914DACC860029D699 /* viewport.plist in Resources */,
				245151A614DACC740029D699 /* resources.zip in Resources */,
			);
			runOnlyForDeploymentPostprocessing = 0;
		};
		2467288014D6E4D7003AAA04 /* Resources */ = {
			isa = PBXResourcesBuildPhase;
			buildActionMask = 2147483647;
			files = (
				2467289214D6E5CF003AAA04 /* config.plist in Resources */,
				2467289314D6E5CF003AAA04 /* InfoPlist.strings in Resources */,
				2467289614D6E60D003AAA04 /* resources.zip in Resources */,
			);
			runOnlyForDeploymentPostprocessing = 0;
		};
		2467295A14D9EA5B003AAA04 /* Resources */ = {
			isa = PBXResourcesBuildPhase;
			buildActionMask = 2147483647;
			files = (
				2467298B14D9FCC7003AAA04 /* resources.zip in Resources */,
				2467296C14D9EC23003AAA04 /* animation.plist in Resources */,
				2467297014D9EC50003AAA04 /* InfoPlist.strings in Resources */,
			);
			runOnlyForDeploymentPostprocessing = 0;
		};
/* End PBXResourcesBuildPhase section */

/* Begin PBXShellScriptBuildPhase section */
		2451517D14DACA620029D699 /* ShellScript */ = {
			isa = PBXShellScriptBuildPhase;
			buildActionMask = 2147483647;
			files = (
			);
			inputPaths = (
			);
			outputPaths = (
			);
			runOnlyForDeploymentPostprocessing = 0;
			shellPath = /bin/sh;
			shellScript = "cd 04_viewport/res\n@rm ../resources.zip\nzip -r -0 ../resources.zip * -x \"*/*.svn/*\"";
		};
		246728A614D6FA6F003AAA04 /* ShellScript */ = {
			isa = PBXShellScriptBuildPhase;
			buildActionMask = 2147483647;
			files = (
			);
			inputPaths = (
			);
			outputPaths = (
			);
			runOnlyForDeploymentPostprocessing = 0;
			shellPath = /bin/sh;
			shellScript = "cd 02_config/res\n@rm ../resources.zip\nzip -r -0 ../resources.zip * -x \"*/*.svn/*\"";
		};
		2467295914D9EA5B003AAA04 /* ShellScript */ = {
			isa = PBXShellScriptBuildPhase;
			buildActionMask = 2147483647;
			files = (
			);
			inputPaths = (
			);
			outputPaths = (
			);
			runOnlyForDeploymentPostprocessing = 0;
			shellPath = /bin/sh;
			shellScript = "cd 03_animation/res\n@rm ../resources.zip\nzip -r -0 ../resources.zip * -x \"*/*.svn/*\"";
		};
/* End PBXShellScriptBuildPhase section */

/* Begin PBXSourcesBuildPhase section */
		241583B914D0B27E0014F37B /* Sources */ = {
			isa = PBXSourcesBuildPhase;
			buildActionMask = 2147483647;
			files = (
				241583C814D0B2DA0014F37B /* EAGLView.mm in Sources */,
				241583C914D0B2DA0014F37B /* graphics_engine.cpp in Sources */,
				241583CA14D0B2DA0014F37B /* texture.cpp in Sources */,
				241583CB14D0B2DA0014F37B /* log.cpp in Sources */,
				241583CC14D0B2DA0014F37B /* math_util.cpp in Sources */,
				241583CD14D0B2DA0014F37B /* clock.cpp in Sources */,
				241583CE14D0B2DA0014F37B /* timer.cpp in Sources */,
				241583CF14D0B2DA0014F37B /* kernel.cpp in Sources */,
				241583D014D0B2DA0014F37B /* platform.mm in Sources */,
				2415840914D0CD8A0014F37B /* liverpool.cpp in Sources */,
				2415841214D0D5480014F37B /* posix_fs.cpp in Sources */,
				2415841D14D2DBC20014F37B /* liverpool_manager.cpp in Sources */,
				2415842C14D613900014F37B /* sprite.cpp in Sources */,
				2467287014D6E444003AAA04 /* configuration.cpp in Sources */,
				246728B214D881CD003AAA04 /* parsers.cpp in Sources */,
				2467298314D9F320003AAA04 /* random.cpp in Sources */,
				2467298814D9F8BE003AAA04 /* animation.cpp in Sources */,
				245151BF14DB56430029D699 /* value_parsers.cpp in Sources */,
				245151D914DDB7D60029D699 /* input_manager.cpp in Sources */,
			);
			runOnlyForDeploymentPostprocessing = 0;
		};
		241583D714D0B3940014F37B /* Sources */ = {
			isa = PBXSourcesBuildPhase;
			buildActionMask = 2147483647;
			files = (
				241583F614D0B5620014F37B /* AppDelegate.mm in Sources */,
				241583F714D0B5620014F37B /* main.mm in Sources */,
				241583FB14D0B6C10014F37B /* custom_obj.cpp in Sources */,
			);
			runOnlyForDeploymentPostprocessing = 0;
		};
		2451517014DACA620029D699 /* Sources */ = {
			isa = PBXSourcesBuildPhase;
			buildActionMask = 2147483647;
			files = (
				2451519D14DACBE80029D699 /* AppDelegate.mm in Sources */,
				2451519E14DACBE80029D699 /* custom_obj.cpp in Sources */,
				245151A014DACBE80029D699 /* main.mm in Sources */,
				245151A314DACBE80029D699 /* scene.cpp in Sources */,
			);
			runOnlyForDeploymentPostprocessing = 0;
		};
		2467287414D6E4D7003AAA04 /* Sources */ = {
			isa = PBXSourcesBuildPhase;
			buildActionMask = 2147483647;
			files = (
				2467289414D6E5CF003AAA04 /* main.mm in Sources */,
				2467289914D6E617003AAA04 /* custom_obj.cpp in Sources */,
				2467289C14D6E6CD003AAA04 /* AppDelegate.mm in Sources */,
				246728AD14D84071003AAA04 /* scene.cpp in Sources */,
			);
			runOnlyForDeploymentPostprocessing = 0;
		};
		2467294C14D9EA5B003AAA04 /* Sources */ = {
			isa = PBXSourcesBuildPhase;
			buildActionMask = 2147483647;
			files = (
				2467296D14D9EC23003AAA04 /* main.mm in Sources */,
				2467297814D9EC62003AAA04 /* AppDelegate.mm in Sources */,
				2467297914D9EC62003AAA04 /* custom_obj.cpp in Sources */,
				2467297A14D9EC62003AAA04 /* scene.cpp in Sources */,
			);
			runOnlyForDeploymentPostprocessing = 0;
		};
/* End PBXSourcesBuildPhase section */

/* Begin PBXTargetDependency section */
		241583D514D0B3940014F37B /* PBXTargetDependency */ = {
			isa = PBXTargetDependency;
			target = 241583BC14D0B27E0014F37B /* libx2d */;
			targetProxy = 241583D614D0B3940014F37B /* PBXContainerItemProxy */;
		};
		2451516E14DACA620029D699 /* PBXTargetDependency */ = {
			isa = PBXTargetDependency;
			target = 241583BC14D0B27E0014F37B /* libx2d */;
			targetProxy = 2451516F14DACA620029D699 /* PBXContainerItemProxy */;
		};
		2467287214D6E4D7003AAA04 /* PBXTargetDependency */ = {
			isa = PBXTargetDependency;
			target = 241583BC14D0B27E0014F37B /* libx2d */;
			targetProxy = 2467287314D6E4D7003AAA04 /* PBXContainerItemProxy */;
		};
		2467294A14D9EA5B003AAA04 /* PBXTargetDependency */ = {
			isa = PBXTargetDependency;
			target = 241583BC14D0B27E0014F37B /* libx2d */;
			targetProxy = 2467294B14D9EA5B003AAA04 /* PBXContainerItemProxy */;
		};
/* End PBXTargetDependency section */

/* Begin PBXVariantGroup section */
		241583EE14D0B4E20014F37B /* InfoPlist.strings */ = {
			isa = PBXVariantGroup;
			children = (
				241583EF14D0B4E20014F37B /* en */,
			);
			name = InfoPlist.strings;
			path = ../01_object/en.lproj;
			sourceTree = "<group>";
		};
		2451519214DACBE80029D699 /* InfoPlist.strings */ = {
			isa = PBXVariantGroup;
			children = (
				2451519314DACBE80029D699 /* en */,
			);
			name = InfoPlist.strings;
			sourceTree = "<group>";
		};
		2467288F14D6E5CF003AAA04 /* InfoPlist.strings */ = {
			isa = PBXVariantGroup;
			children = (
				2467289014D6E5CF003AAA04 /* en */,
			);
			name = InfoPlist.strings;
			sourceTree = "<group>";
		};
		2467296E14D9EC50003AAA04 /* InfoPlist.strings */ = {
			isa = PBXVariantGroup;
			children = (
				2467296F14D9EC50003AAA04 /* en */,
			);
			name = InfoPlist.strings;
			sourceTree = "<group>";
		};
/* End PBXVariantGroup section */

/* Begin XCBuildConfiguration section */
		241583C614D0B27E0014F37B /* Debug */ = {
			isa = XCBuildConfiguration;
			buildSettings = {
				DSTROOT = /tmp/libx2d.dst;
				OTHER_LDFLAGS = "-ObjC";
				PRODUCT_NAME = x2d;
				SKIP_INSTALL = YES;
			};
			name = Debug;
		};
		241583C714D0B27E0014F37B /* Release */ = {
			isa = XCBuildConfiguration;
			buildSettings = {
				DSTROOT = /tmp/libx2d.dst;
				OTHER_LDFLAGS = "-ObjC";
				PRODUCT_NAME = x2d;
				SKIP_INSTALL = YES;
			};
			name = Release;
		};
		241583E514D0B3940014F37B /* Debug */ = {
			isa = XCBuildConfiguration;
			buildSettings = {
				GCC_PRECOMPILE_PREFIX_HEADER = YES;
				GCC_PREFIX_HEADER = "01_object/object-Prefix.pch";
				INFOPLIST_FILE = 01_object/object.plist;
				PRODUCT_NAME = x2d_object;
				WRAPPER_EXTENSION = app;
			};
			name = Debug;
		};
		241583E614D0B3940014F37B /* Release */ = {
			isa = XCBuildConfiguration;
			buildSettings = {
				GCC_PRECOMPILE_PREFIX_HEADER = YES;
				GCC_PREFIX_HEADER = "01_object/object-Prefix.pch";
				INFOPLIST_FILE = 01_object/object.plist;
				PRODUCT_NAME = x2d_object;
				WRAPPER_EXTENSION = app;
			};
			name = Release;
		};
		2451518314DACA620029D699 /* Debug */ = {
			isa = XCBuildConfiguration;
			buildSettings = {
				GCC_PRECOMPILE_PREFIX_HEADER = YES;
				GCC_PREFIX_HEADER = "04_viewport/viewport-Prefix.pch";
				INFOPLIST_FILE = 04_viewport/viewport.plist;
				IPHONEOS_DEPLOYMENT_TARGET = 3.1;
				PRODUCT_NAME = x2d_viewport;
				WRAPPER_EXTENSION = app;
			};
			name = Debug;
		};
		2451518414DACA620029D699 /* Release */ = {
			isa = XCBuildConfiguration;
			buildSettings = {
				GCC_PRECOMPILE_PREFIX_HEADER = YES;
				GCC_PREFIX_HEADER = "04_viewport/viewport-Prefix.pch";
				INFOPLIST_FILE = 04_viewport/viewport.plist;
				IPHONEOS_DEPLOYMENT_TARGET = 3.1;
				PRODUCT_NAME = x2d_viewport;
				WRAPPER_EXTENSION = app;
			};
			name = Release;
		};
		2467288414D6E4D7003AAA04 /* Debug */ = {
			isa = XCBuildConfiguration;
			buildSettings = {
				GCC_PRECOMPILE_PREFIX_HEADER = YES;
				GCC_PREFIX_HEADER = "02_config/config-Prefix.pch";
				INFOPLIST_FILE = 02_config/config.plist;
				PRODUCT_NAME = x2d_config;
				WRAPPER_EXTENSION = app;
			};
			name = Debug;
		};
		2467288514D6E4D7003AAA04 /* Release */ = {
			isa = XCBuildConfiguration;
			buildSettings = {
				GCC_PRECOMPILE_PREFIX_HEADER = YES;
				GCC_PREFIX_HEADER = "02_config/config-Prefix.pch";
				INFOPLIST_FILE = 02_config/config.plist;
				PRODUCT_NAME = x2d_config;
				WRAPPER_EXTENSION = app;
			};
			name = Release;
		};
		2467295F14D9EA5B003AAA04 /* Debug */ = {
			isa = XCBuildConfiguration;
			buildSettings = {
				GCC_PRECOMPILE_PREFIX_HEADER = YES;
				GCC_PREFIX_HEADER = "03_animation/animation-Prefix.pch";
				INFOPLIST_FILE = 03_animation/animation.plist;
				PRODUCT_NAME = x2d_animation;
				WRAPPER_EXTENSION = app;
			};
			name = Debug;
		};
		2467296014D9EA5B003AAA04 /* Release */ = {
			isa = XCBuildConfiguration;
			buildSettings = {
				GCC_PRECOMPILE_PREFIX_HEADER = YES;
				GCC_PREFIX_HEADER = "03_animation/animation-Prefix.pch";
				INFOPLIST_FILE = 03_animation/animation.plist;
				PRODUCT_NAME = x2d_animation;
				WRAPPER_EXTENSION = app;
			};
			name = Release;
		};
		24BDCC3C14CC6300006F36A1 /* Debug */ = {
			isa = XCBuildConfiguration;
			buildSettings = {
				ALWAYS_SEARCH_USER_PATHS = NO;
				ARCHS = "$(ARCHS_STANDARD_32_BIT)";
				"CODE_SIGN_IDENTITY[sdk=iphoneos*]" = "iPhone Developer";
				COPY_PHASE_STRIP = NO;
				GCC_C_LANGUAGE_STANDARD = gnu99;
				GCC_DYNAMIC_NO_PIC = NO;
				GCC_OPTIMIZATION_LEVEL = 0;
				GCC_PREPROCESSOR_DEFINITIONS = (
					"DEBUG=1",
					"$(inherited)",
				);
				GCC_SYMBOLS_PRIVATE_EXTERN = NO;
				GCC_VERSION = com.apple.compilers.llvm.clang.1_0;
				GCC_WARN_ABOUT_MISSING_PROTOTYPES = YES;
				GCC_WARN_ABOUT_RETURN_TYPE = YES;
				GCC_WARN_UNUSED_VARIABLE = YES;
				HEADER_SEARCH_PATHS = "";
				IPHONEOS_DEPLOYMENT_TARGET = 3.1;
				SDKROOT = iphoneos;
				TARGETED_DEVICE_FAMILY = "1,2";
				VALID_ARCHS = "armv6 armv7";
			};
			name = Debug;
		};
		24BDCC3D14CC6300006F36A1 /* Release */ = {
			isa = XCBuildConfiguration;
			buildSettings = {
				ALWAYS_SEARCH_USER_PATHS = NO;
				ARCHS = "$(ARCHS_STANDARD_32_BIT)";
				"CODE_SIGN_IDENTITY[sdk=iphoneos*]" = "iPhone Developer";
				COPY_PHASE_STRIP = YES;
				GCC_C_LANGUAGE_STANDARD = gnu99;
				GCC_VERSION = com.apple.compilers.llvm.clang.1_0;
				GCC_WARN_ABOUT_MISSING_PROTOTYPES = YES;
				GCC_WARN_ABOUT_RETURN_TYPE = YES;
				GCC_WARN_UNUSED_VARIABLE = YES;
				HEADER_SEARCH_PATHS = "";
				IPHONEOS_DEPLOYMENT_TARGET = 3.1;
				OTHER_CFLAGS = "-DNS_BLOCK_ASSERTIONS=1";
				SDKROOT = iphoneos;
				TARGETED_DEVICE_FAMILY = "1,2";
				VALIDATE_PRODUCT = YES;
				VALID_ARCHS = "armv6 armv7";
			};
			name = Release;
		};
/* End XCBuildConfiguration section */

/* Begin XCConfigurationList section */
		241583C514D0B27E0014F37B /* Build configuration list for PBXNativeTarget "libx2d" */ = {
			isa = XCConfigurationList;
			buildConfigurations = (
				241583C614D0B27E0014F37B /* Debug */,
				241583C714D0B27E0014F37B /* Release */,
			);
			defaultConfigurationIsVisible = 0;
			defaultConfigurationName = Release;
		};
		241583E414D0B3940014F37B /* Build configuration list for PBXNativeTarget "01_object" */ = {
			isa = XCConfigurationList;
			buildConfigurations = (
				241583E514D0B3940014F37B /* Debug */,
				241583E614D0B3940014F37B /* Release */,
			);
			defaultConfigurationIsVisible = 0;
			defaultConfigurationName = Release;
		};
		2451518214DACA620029D699 /* Build configuration list for PBXNativeTarget "04_viewport" */ = {
			isa = XCConfigurationList;
			buildConfigurations = (
				2451518314DACA620029D699 /* Debug */,
				2451518414DACA620029D699 /* Release */,
			);
			defaultConfigurationIsVisible = 0;
			defaultConfigurationName = Release;
		};
		2467288314D6E4D7003AAA04 /* Build configuration list for PBXNativeTarget "02_config" */ = {
			isa = XCConfigurationList;
			buildConfigurations = (
				2467288414D6E4D7003AAA04 /* Debug */,
				2467288514D6E4D7003AAA04 /* Release */,
			);
			defaultConfigurationIsVisible = 0;
			defaultConfigurationName = Release;
		};
		2467295E14D9EA5B003AAA04 /* Build configuration list for PBXNativeTarget "03_animation" */ = {
			isa = XCConfigurationList;
			buildConfigurations = (
				2467295F14D9EA5B003AAA04 /* Debug */,
				2467296014D9EA5B003AAA04 /* Release */,
			);
			defaultConfigurationIsVisible = 0;
			defaultConfigurationName = Release;
		};
		24BDCC1714CC6300006F36A1 /* Build configuration list for PBXProject "x2d" */ = {
			isa = XCConfigurationList;
			buildConfigurations = (
				24BDCC3C14CC6300006F36A1 /* Debug */,
				24BDCC3D14CC6300006F36A1 /* Release */,
			);
			defaultConfigurationIsVisible = 0;
			defaultConfigurationName = Release;
		};
/* End XCConfigurationList section */
	};
	rootObject = 24BDCC1414CC6300006F36A1 /* Project object */;
}
